// !$*UTF8*$!
{
	archiveVersion = 1;
	classes = {
	};
	objectVersion = 56;
	objects = {

/* Begin PBXBuildFile section */
		300E8E992AF9D8CA001728FE /* ProgressBarAndTitle.swift in Sources */ = {isa = PBXBuildFile; fileRef = 300E8E982AF9D8CA001728FE /* ProgressBarAndTitle.swift */; };
		300E8E9C2AFB30D2001728FE /* Lottie in Frameworks */ = {isa = PBXBuildFile; productRef = 300E8E9B2AFB30D2001728FE /* Lottie */; };
		300E8E9E2AFB314F001728FE /* LottieConfettiView.swift in Sources */ = {isa = PBXBuildFile; fileRef = 300E8E9D2AFB314F001728FE /* LottieConfettiView.swift */; };
		300E8EA32AFC67C3001728FE /* onboardingConfetti.json in Resources */ = {isa = PBXBuildFile; fileRef = 300E8EA22AFC67C3001728FE /* onboardingConfetti.json */; };
		3014AC272B0DAFDB00B52B12 /* DiaryMonthlyCalendar.swift in Sources */ = {isa = PBXBuildFile; fileRef = 3014AC262B0DAFDB00B52B12 /* DiaryMonthlyCalendar.swift */; };
		3014AC292B0DCCB400B52B12 /* DiaryExpandedCalendarView.swift in Sources */ = {isa = PBXBuildFile; fileRef = 3014AC282B0DCCB400B52B12 /* DiaryExpandedCalendarView.swift */; };
		3014AC2B2B0DE67E00B52B12 /* DiaryWeeklyCalendar.swift in Sources */ = {isa = PBXBuildFile; fileRef = 3014AC2A2B0DE67E00B52B12 /* DiaryWeeklyCalendar.swift */; };
		3014AC2D2B0DE71F00B52B12 /* DiaryTempWeeklyView.swift in Sources */ = {isa = PBXBuildFile; fileRef = 3014AC2C2B0DE71F00B52B12 /* DiaryTempWeeklyView.swift */; };
		3014AC2F2B0EF44500B52B12 /* DiaryCalendarViewModel.swift in Sources */ = {isa = PBXBuildFile; fileRef = 3014AC2E2B0EF44500B52B12 /* DiaryCalendarViewModel.swift */; };
		3014AC312B121E3B00B52B12 /* SelectPeriodView.swift in Sources */ = {isa = PBXBuildFile; fileRef = 3014AC302B121E3B00B52B12 /* SelectPeriodView.swift */; };
		3014AC332B12249B00B52B12 /* MonthPicker.swift in Sources */ = {isa = PBXBuildFile; fileRef = 3014AC322B12249B00B52B12 /* MonthPicker.swift */; };
		3014AC372B1301A500B52B12 /* PeriodSelectCalendar.swift in Sources */ = {isa = PBXBuildFile; fileRef = 3014AC362B1301A500B52B12 /* PeriodSelectCalendar.swift */; };
		3014AC392B1305F200B52B12 /* CustomCalendarCell.swift in Sources */ = {isa = PBXBuildFile; fileRef = 3014AC382B1305F200B52B12 /* CustomCalendarCell.swift */; };
		3014AC442B13A20800B52B12 /* PeriodSettingButton.swift in Sources */ = {isa = PBXBuildFile; fileRef = 3014AC432B13A20800B52B12 /* PeriodSettingButton.swift */; };
		3014AC462B13A22E00B52B12 /* StatisticsCalendarViewModel.swift in Sources */ = {isa = PBXBuildFile; fileRef = 3014AC452B13A22E00B52B12 /* StatisticsCalendarViewModel.swift */; };
		3014AC482B13C28200B52B12 /* OnboardingViewModel.swift in Sources */ = {isa = PBXBuildFile; fileRef = 3014AC472B13C28200B52B12 /* OnboardingViewModel.swift */; };
		30151F432AE3AD590036B60D /* SmokingAmount.swift in Sources */ = {isa = PBXBuildFile; fileRef = 30151F422AE3AD590036B60D /* SmokingAmount.swift */; };
		30151F452AE3AE850036B60D /* DrinkCheckView.swift in Sources */ = {isa = PBXBuildFile; fileRef = 30151F442AE3AE850036B60D /* DrinkCheckView.swift */; };
		30151F472AE3AF060036B60D /* DrinkAmount.swift in Sources */ = {isa = PBXBuildFile; fileRef = 30151F462AE3AF060036B60D /* DrinkAmount.swift */; };
		30151F492AE4007B0036B60D /* CaffeineCheckView.swift in Sources */ = {isa = PBXBuildFile; fileRef = 30151F482AE4007B0036B60D /* CaffeineCheckView.swift */; };
		301971542AE4F00600728D16 /* DailyCompleteView.swift in Sources */ = {isa = PBXBuildFile; fileRef = 301971532AE4F00600728D16 /* DailyCompleteView.swift */; };
		301971582AE50A0800728D16 /* DailyMedicationList.swift in Sources */ = {isa = PBXBuildFile; fileRef = 301971572AE50A0800728D16 /* DailyMedicationList.swift */; };
		304180D12ADA8E37002AD2E3 /* HamstersApp.swift in Sources */ = {isa = PBXBuildFile; fileRef = 304180D02ADA8E37002AD2E3 /* HamstersApp.swift */; };
		304180D32ADA8E37002AD2E3 /* StartView.swift in Sources */ = {isa = PBXBuildFile; fileRef = 304180D22ADA8E37002AD2E3 /* StartView.swift */; };
		304180D52ADA8E39002AD2E3 /* Assets.xcassets in Resources */ = {isa = PBXBuildFile; fileRef = 304180D42ADA8E39002AD2E3 /* Assets.xcassets */; };
		304180D82ADA8E39002AD2E3 /* Preview Assets.xcassets in Resources */ = {isa = PBXBuildFile; fileRef = 304180D72ADA8E39002AD2E3 /* Preview Assets.xcassets */; };
		304180E72ADAC9D7002AD2E3 /* OnboardingNextButton.swift in Sources */ = {isa = PBXBuildFile; fileRef = 304180E62ADAC9D7002AD2E3 /* OnboardingNextButton.swift */; };
		304180EF2ADBB37B002AD2E3 /* View+.swift in Sources */ = {isa = PBXBuildFile; fileRef = 304180EE2ADBB37B002AD2E3 /* View+.swift */; };
		304180F32ADC0C3F002AD2E3 /* OnboardingView.swift in Sources */ = {isa = PBXBuildFile; fileRef = 304180F22ADC0C3F002AD2E3 /* OnboardingView.swift */; };
		304180F52ADC1325002AD2E3 /* OnboardingBackButton.swift in Sources */ = {isa = PBXBuildFile; fileRef = 304180F42ADC1325002AD2E3 /* OnboardingBackButton.swift */; };
		304180F82ADC15A9002AD2E3 /* SexSetView.swift in Sources */ = {isa = PBXBuildFile; fileRef = 304180F72ADC15A9002AD2E3 /* SexSetView.swift */; };
		304180FA2ADCC740002AD2E3 /* SmokingSetView.swift in Sources */ = {isa = PBXBuildFile; fileRef = 304180F92ADCC740002AD2E3 /* SmokingSetView.swift */; };
		304180FC2ADCC9ED002AD2E3 /* SetupCompleteView.swift in Sources */ = {isa = PBXBuildFile; fileRef = 304180FB2ADCC9ED002AD2E3 /* SetupCompleteView.swift */; };
		305240162ADD73EB008FCD14 /* UserDefaultsKey.swift in Sources */ = {isa = PBXBuildFile; fileRef = 305240132ADD73EB008FCD14 /* UserDefaultsKey.swift */; };
		305240172ADD73EB008FCD14 /* SmokingStatus.swift in Sources */ = {isa = PBXBuildFile; fileRef = 305240142ADD73EB008FCD14 /* SmokingStatus.swift */; };
		305240182ADD73EB008FCD14 /* SexClassification.swift in Sources */ = {isa = PBXBuildFile; fileRef = 305240152ADD73EB008FCD14 /* SexClassification.swift */; };
		3052401A2ADE1299008FCD14 /* String+.swift in Sources */ = {isa = PBXBuildFile; fileRef = 305240192ADE1299008FCD14 /* String+.swift */; };
		305240462ADFA855008FCD14 /* DailyRecordProgressBar.swift in Sources */ = {isa = PBXBuildFile; fileRef = 305240452ADFA855008FCD14 /* DailyRecordProgressBar.swift */; };
		3077DDA42B0B358F00F715EE /* SelectedHamster.swift in Sources */ = {isa = PBXBuildFile; fileRef = 3077DDA32B0B358F00F715EE /* SelectedHamster.swift */; };
		3077DDA62B0B79E900F715EE /* MyInfoViewModel.swift in Sources */ = {isa = PBXBuildFile; fileRef = 3077DDA52B0B79E900F715EE /* MyInfoViewModel.swift */; };
		307B7D662AE42480007CB7F5 /* MedicineModel.swift in Sources */ = {isa = PBXBuildFile; fileRef = 307B7D642AE42480007CB7F5 /* MedicineModel.swift */; };
		307B7D672AE42480007CB7F5 /* AlarmItem.swift in Sources */ = {isa = PBXBuildFile; fileRef = 307B7D652AE42480007CB7F5 /* AlarmItem.swift */; };
		307B7D6E2AE424A2007CB7F5 /* MedicineRow.swift in Sources */ = {isa = PBXBuildFile; fileRef = 307B7D692AE424A2007CB7F5 /* MedicineRow.swift */; };
		307B7D6F2AE424A2007CB7F5 /* MedicationView.swift in Sources */ = {isa = PBXBuildFile; fileRef = 307B7D6A2AE424A2007CB7F5 /* MedicationView.swift */; };
		307B7D702AE424A2007CB7F5 /* AlarmFrequencyView.swift in Sources */ = {isa = PBXBuildFile; fileRef = 307B7D6B2AE424A2007CB7F5 /* AlarmFrequencyView.swift */; };
		307B7D712AE424A2007CB7F5 /* AlarmRow.swift in Sources */ = {isa = PBXBuildFile; fileRef = 307B7D6C2AE424A2007CB7F5 /* AlarmRow.swift */; };
		307B7D722AE424A2007CB7F5 /* AddMedicineView.swift in Sources */ = {isa = PBXBuildFile; fileRef = 307B7D6D2AE424A2007CB7F5 /* AddMedicineView.swift */; };
		307B7D762AE424BC007CB7F5 /* MedicineViewModel.swift in Sources */ = {isa = PBXBuildFile; fileRef = 307B7D742AE424BC007CB7F5 /* MedicineViewModel.swift */; };
		307B7D772AE424BC007CB7F5 /* AlarmViewModel.swift in Sources */ = {isa = PBXBuildFile; fileRef = 307B7D752AE424BC007CB7F5 /* AlarmViewModel.swift */; };
		307B7D7B2AE43053007CB7F5 /* MainTabView.swift in Sources */ = {isa = PBXBuildFile; fileRef = 307B7D7A2AE43053007CB7F5 /* MainTabView.swift */; };
		307B7D7D2AE43092007CB7F5 /* TabItem.swift in Sources */ = {isa = PBXBuildFile; fileRef = 307B7D7C2AE43092007CB7F5 /* TabItem.swift */; };
		307B7D7F2AE43254007CB7F5 /* RecordMainView.swift in Sources */ = {isa = PBXBuildFile; fileRef = 307B7D7E2AE43254007CB7F5 /* RecordMainView.swift */; };
		307B7D812AE432A2007CB7F5 /* DiaryMainView.swift in Sources */ = {isa = PBXBuildFile; fileRef = 307B7D802AE432A2007CB7F5 /* DiaryMainView.swift */; };
		307B7D842AE432EF007CB7F5 /* StatisticsMainView.swift in Sources */ = {isa = PBXBuildFile; fileRef = 307B7D832AE432EF007CB7F5 /* StatisticsMainView.swift */; };
		307B7D872AE43322007CB7F5 /* MyInfoMainView.swift in Sources */ = {isa = PBXBuildFile; fileRef = 307B7D862AE43322007CB7F5 /* MyInfoMainView.swift */; };
		307B7D8A2AE4E0B1007CB7F5 /* AdditionalMemoView.swift in Sources */ = {isa = PBXBuildFile; fileRef = 307B7D892AE4E0B1007CB7F5 /* AdditionalMemoView.swift */; };
		309AE7F92B17662A002F7038 /* onboardingHamster.json in Resources */ = {isa = PBXBuildFile; fileRef = 309AE7F82B17662A002F7038 /* onboardingHamster.json */; };
		30A0B2382B06594D00F51AE1 /* FSCalendar in Frameworks */ = {isa = PBXBuildFile; productRef = 30A0B2372B06594D00F51AE1 /* FSCalendar */; };
		30A0B23A2B065A1D00F51AE1 /* RecordWeeklyCalendar.swift in Sources */ = {isa = PBXBuildFile; fileRef = 30A0B2392B065A1D00F51AE1 /* RecordWeeklyCalendar.swift */; };
		30BB50B92ADFABBC0050CF69 /* ConditionSlider.swift in Sources */ = {isa = PBXBuildFile; fileRef = 30BB50B82ADFABBC0050CF69 /* ConditionSlider.swift */; };
		30BB50BC2ADFABDB0050CF69 /* Sliders in Frameworks */ = {isa = PBXBuildFile; productRef = 30BB50BB2ADFABDB0050CF69 /* Sliders */; };
		30BB50BE2ADFFAE00050CF69 /* ConditionCheckView.swift in Sources */ = {isa = PBXBuildFile; fileRef = 30BB50BD2ADFFAE00050CF69 /* ConditionCheckView.swift */; };
		30BB50C02ADFFB710050CF69 /* DailyRecordView.swift in Sources */ = {isa = PBXBuildFile; fileRef = 30BB50BF2ADFFB710050CF69 /* DailyRecordView.swift */; };
		30BB50C22AE0C0680050CF69 /* DailyRecordNextButton.swift in Sources */ = {isa = PBXBuildFile; fileRef = 30BB50C12AE0C0680050CF69 /* DailyRecordNextButton.swift */; };
		30BB50C42AE1FCA80050CF69 /* MoodCheckView.swift in Sources */ = {isa = PBXBuildFile; fileRef = 30BB50C32AE1FCA80050CF69 /* MoodCheckView.swift */; };
		30BB50C92AE395F80050CF69 /* SmokingCheckView.swift in Sources */ = {isa = PBXBuildFile; fileRef = 30BB50C82AE395F80050CF69 /* SmokingCheckView.swift */; };
		30D60C912AFFD048005D5D96 /* Onboarding.swift in Sources */ = {isa = PBXBuildFile; fileRef = 30D60C902AFFD048005D5D96 /* Onboarding.swift */; };
		30D60C952B00FD1C005D5D96 /* NextButton.swift in Sources */ = {isa = PBXBuildFile; fileRef = 30D60C942B00FD1C005D5D96 /* NextButton.swift */; };
		30E376C72B011FCA00E8A10D /* CheerUpView.swift in Sources */ = {isa = PBXBuildFile; fileRef = 30E376C62B011FCA00E8A10D /* CheerUpView.swift */; };
		30EEFF372B09D13F0016D8BA /* ProfileEditView.swift in Sources */ = {isa = PBXBuildFile; fileRef = 30EEFF362B09D13F0016D8BA /* ProfileEditView.swift */; };
		30EEFF392B09D15C0016D8BA /* QuestionItemEditView.swift in Sources */ = {isa = PBXBuildFile; fileRef = 30EEFF382B09D15C0016D8BA /* QuestionItemEditView.swift */; };
		7622A7D62B0E563200926022 /* TakensManager.swift in Sources */ = {isa = PBXBuildFile; fileRef = 7622A7D52B0E563200926022 /* TakensManager.swift */; };
		7622A7D82B0E5A0B00926022 /* HistoryModel.swift in Sources */ = {isa = PBXBuildFile; fileRef = 7622A7D72B0E5A0B00926022 /* HistoryModel.swift */; };
		7622A7DC2B0EF18C00926022 /* RecordMainViewModel.swift in Sources */ = {isa = PBXBuildFile; fileRef = 7622A7DB2B0EF18C00926022 /* RecordMainViewModel.swift */; };
		7622A7DE2B0F76BB00926022 /* DummyManager.swift in Sources */ = {isa = PBXBuildFile; fileRef = 7622A7DD2B0F76BB00926022 /* DummyManager.swift */; };
		7622A7E02B0F864700926022 /* MedicinesManager.swift in Sources */ = {isa = PBXBuildFile; fileRef = 7622A7DF2B0F864700926022 /* MedicinesManager.swift */; };
		7622A7E22B0F9CA900926022 /* MedicineSchedule.swift in Sources */ = {isa = PBXBuildFile; fileRef = 7622A7E12B0F9CA900926022 /* MedicineSchedule.swift */; };
		7622B5D42B0AE37C00FA970B /* DiaryMainViewModel.swift in Sources */ = {isa = PBXBuildFile; fileRef = 7622B5D32B0AE37C00FA970B /* DiaryMainViewModel.swift */; };
		7622B5D62B0AFDB100FA970B /* DiaryUpdateView.swift in Sources */ = {isa = PBXBuildFile; fileRef = 7622B5D52B0AFDB100FA970B /* DiaryUpdateView.swift */; };
		7645ABFD2B0306BA007F6139 /* PushManager.swift in Sources */ = {isa = PBXBuildFile; fileRef = 7645ABFC2B0306BA007F6139 /* PushManager.swift */; };
		7645ABFF2B052E5A007F6139 /* PushProtocol.swift in Sources */ = {isa = PBXBuildFile; fileRef = 7645ABFE2B052E5A007F6139 /* PushProtocol.swift */; };
		7645AC012B06587B007F6139 /* DailyRecordViewModel.swift in Sources */ = {isa = PBXBuildFile; fileRef = 7645AC002B06587B007F6139 /* DailyRecordViewModel.swift */; };
		7645AC032B0684FF007F6139 /* DailyRecordPage.swift in Sources */ = {isa = PBXBuildFile; fileRef = 7645AC022B0684FF007F6139 /* DailyRecordPage.swift */; };
		768562D92AFC821F00AF5C95 /* ProfileSetView.swift in Sources */ = {isa = PBXBuildFile; fileRef = 768562D82AFC821F00AF5C95 /* ProfileSetView.swift */; };
		768562DB2AFCC1DB00AF5C95 /* ProfileInput.swift in Sources */ = {isa = PBXBuildFile; fileRef = 768562DA2AFCC1DB00AF5C95 /* ProfileInput.swift */; };
		768562DE2AFDCE6F00AF5C95 /* HealthKitManager.swift in Sources */ = {isa = PBXBuildFile; fileRef = 768562DD2AFDCE6F00AF5C95 /* HealthKitManager.swift */; };
		768562E12AFDCF2000AF5C95 /* HKWorkoutActivityType.swift in Sources */ = {isa = PBXBuildFile; fileRef = 768562E02AFDCF2000AF5C95 /* HKWorkoutActivityType.swift */; };
		768562E42AFE73A500AF5C95 /* ConditionView.swift in Sources */ = {isa = PBXBuildFile; fileRef = 768562E32AFE73A500AF5C95 /* ConditionView.swift */; };
		768562E62AFE7BCB00AF5C95 /* ConditionViewModel.swift in Sources */ = {isa = PBXBuildFile; fileRef = 768562E52AFE7BCB00AF5C95 /* ConditionViewModel.swift */; };
		769FFF8F2AFBE23700B12515 /* safeAreaInsets.swift in Sources */ = {isa = PBXBuildFile; fileRef = 769FFF8E2AFBE23700B12515 /* safeAreaInsets.swift */; };
		76B387102AFF99C80067CDAF /* Answer.swift in Sources */ = {isa = PBXBuildFile; fileRef = 76B3870F2AFF99C80067CDAF /* Answer.swift */; };
		76B387122AFFAFC60067CDAF /* ActivityView.swift in Sources */ = {isa = PBXBuildFile; fileRef = 76B387112AFFAFC60067CDAF /* ActivityView.swift */; };
		76B387142AFFC6D00067CDAF /* ActivityModalView.swift in Sources */ = {isa = PBXBuildFile; fileRef = 76B387132AFFC6D00067CDAF /* ActivityModalView.swift */; };
		76B387162B008A9D0067CDAF /* Date.swift in Sources */ = {isa = PBXBuildFile; fileRef = 76B387152B008A9D0067CDAF /* Date.swift */; };
		76B771132B0B5BA0007EE7EA /* RecordProtocol.swift in Sources */ = {isa = PBXBuildFile; fileRef = 76B771122B0B5BA0007EE7EA /* RecordProtocol.swift */; };
		76BFF2F92B103DE000124280 /* StatisticsMainViewModel.swift in Sources */ = {isa = PBXBuildFile; fileRef = 76BFF2F82B103DE000124280 /* StatisticsMainViewModel.swift */; };
		76BFF2FB2B1042FF00124280 /* DayRecordsManager.swift in Sources */ = {isa = PBXBuildFile; fileRef = 76BFF2FA2B1042FF00124280 /* DayRecordsManager.swift */; };
		76D52F402AFE9B45009A0698 /* RoundedCorner.swift in Sources */ = {isa = PBXBuildFile; fileRef = 76D52F3F2AFE9B45009A0698 /* RoundedCorner.swift */; };
		76D52F422AFE9B86009A0698 /* ComputerChat.swift in Sources */ = {isa = PBXBuildFile; fileRef = 76D52F412AFE9B86009A0698 /* ComputerChat.swift */; };
		76D52F452AFF2A79009A0698 /* ConditionModel.swift in Sources */ = {isa = PBXBuildFile; fileRef = 76D52F442AFF2A79009A0698 /* ConditionModel.swift */; };
		76D52F472AFF2AD2009A0698 /* UserChat.swift in Sources */ = {isa = PBXBuildFile; fileRef = 76D52F462AFF2AD2009A0698 /* UserChat.swift */; };
		76E48DD32AFB8F670065EA65 /* WelcomeView.swift in Sources */ = {isa = PBXBuildFile; fileRef = 76E48DD22AFB8F670065EA65 /* WelcomeView.swift */; };
		B51663D02B05B75500241491 /* DayRecord.swift in Sources */ = {isa = PBXBuildFile; fileRef = B51663CF2B05B75500241491 /* DayRecord.swift */; };
		B58CD81F2B0C02D600E12608 /* DailyMedicationViewModel.swift in Sources */ = {isa = PBXBuildFile; fileRef = B58CD81E2B0C02D500E12608 /* DailyMedicationViewModel.swift */; };
		B58CD82C2B0C516300E12608 /* TakenMedicine+CoreDataClass.swift in Sources */ = {isa = PBXBuildFile; fileRef = B58CD8282B0C516300E12608 /* TakenMedicine+CoreDataClass.swift */; };
		B58CD82D2B0C516300E12608 /* TakenMedicine+CoreDataProperties.swift in Sources */ = {isa = PBXBuildFile; fileRef = B58CD8292B0C516300E12608 /* TakenMedicine+CoreDataProperties.swift */; };
		B58CD82E2B0C516300E12608 /* TakenMedicines+CoreDataClass.swift in Sources */ = {isa = PBXBuildFile; fileRef = B58CD82A2B0C516300E12608 /* TakenMedicines+CoreDataClass.swift */; };
		B58CD82F2B0C516300E12608 /* TakenMedicines+CoreDataProperties.swift in Sources */ = {isa = PBXBuildFile; fileRef = B58CD82B2B0C516300E12608 /* TakenMedicines+CoreDataProperties.swift */; };
		B59311642B01A77C0092A2E0 /* CoreDataModel.xcdatamodeld in Sources */ = {isa = PBXBuildFile; fileRef = B59311622B01A77C0092A2E0 /* CoreDataModel.xcdatamodeld */; };
		B593116E2B01B8740092A2E0 /* CoreDataManager.swift in Sources */ = {isa = PBXBuildFile; fileRef = B593116D2B01B8740092A2E0 /* CoreDataManager.swift */; };
		B597462A2AE504220074D5CC /* MenstruationCheckView.swift in Sources */ = {isa = PBXBuildFile; fileRef = B59746292AE504220074D5CC /* MenstruationCheckView.swift */; };
		B597462C2AE5D7190074D5CC /* SleepingTimeView.swift in Sources */ = {isa = PBXBuildFile; fileRef = B597462B2AE5D7190074D5CC /* SleepingTimeView.swift */; };
		B5BDEC282B0AADAD0018D1C9 /* DailyViewModel.swift in Sources */ = {isa = PBXBuildFile; fileRef = B5BDEC272B0AADAD0018D1C9 /* DailyViewModel.swift */; };
		B5F904C72AE4E0DA00FDE4CB /* SideEffectCheckView.swift in Sources */ = {isa = PBXBuildFile; fileRef = B5F904C62AE4E0DA00FDE4CB /* SideEffectCheckView.swift */; };
		B5F904CA2AE4E13500FDE4CB /* WrappingHStack in Frameworks */ = {isa = PBXBuildFile; productRef = B5F904C92AE4E13500FDE4CB /* WrappingHStack */; };
		B5F904CE2AE4E4DF00FDE4CB /* SideEffects.swift in Sources */ = {isa = PBXBuildFile; fileRef = B5F904CD2AE4E4DF00FDE4CB /* SideEffects.swift */; };
		B5F904D02AE4E61200FDE4CB /* CapsuleView.swift in Sources */ = {isa = PBXBuildFile; fileRef = B5F904CF2AE4E61200FDE4CB /* CapsuleView.swift */; };
		B5F904D22AE4F98F00FDE4CB /* WeightCheckView.swift in Sources */ = {isa = PBXBuildFile; fileRef = B5F904D12AE4F98F00FDE4CB /* WeightCheckView.swift */; };
/* End PBXBuildFile section */

/* Begin PBXFileReference section */
		300E8E982AF9D8CA001728FE /* ProgressBarAndTitle.swift */ = {isa = PBXFileReference; lastKnownFileType = sourcecode.swift; path = ProgressBarAndTitle.swift; sourceTree = "<group>"; };
		300E8E9D2AFB314F001728FE /* LottieConfettiView.swift */ = {isa = PBXFileReference; lastKnownFileType = sourcecode.swift; path = LottieConfettiView.swift; sourceTree = "<group>"; };
		300E8EA22AFC67C3001728FE /* onboardingConfetti.json */ = {isa = PBXFileReference; fileEncoding = 4; lastKnownFileType = text.json; path = onboardingConfetti.json; sourceTree = "<group>"; };
		3014AC262B0DAFDB00B52B12 /* DiaryMonthlyCalendar.swift */ = {isa = PBXFileReference; lastKnownFileType = sourcecode.swift; path = DiaryMonthlyCalendar.swift; sourceTree = "<group>"; };
		3014AC282B0DCCB400B52B12 /* DiaryExpandedCalendarView.swift */ = {isa = PBXFileReference; lastKnownFileType = sourcecode.swift; path = DiaryExpandedCalendarView.swift; sourceTree = "<group>"; };
		3014AC2A2B0DE67E00B52B12 /* DiaryWeeklyCalendar.swift */ = {isa = PBXFileReference; lastKnownFileType = sourcecode.swift; path = DiaryWeeklyCalendar.swift; sourceTree = "<group>"; };
		3014AC2C2B0DE71F00B52B12 /* DiaryTempWeeklyView.swift */ = {isa = PBXFileReference; lastKnownFileType = sourcecode.swift; path = DiaryTempWeeklyView.swift; sourceTree = "<group>"; };
		3014AC2E2B0EF44500B52B12 /* DiaryCalendarViewModel.swift */ = {isa = PBXFileReference; lastKnownFileType = sourcecode.swift; path = DiaryCalendarViewModel.swift; sourceTree = "<group>"; };
		3014AC302B121E3B00B52B12 /* SelectPeriodView.swift */ = {isa = PBXFileReference; lastKnownFileType = sourcecode.swift; path = SelectPeriodView.swift; sourceTree = "<group>"; };
		3014AC322B12249B00B52B12 /* MonthPicker.swift */ = {isa = PBXFileReference; lastKnownFileType = sourcecode.swift; path = MonthPicker.swift; sourceTree = "<group>"; };
		3014AC362B1301A500B52B12 /* PeriodSelectCalendar.swift */ = {isa = PBXFileReference; lastKnownFileType = sourcecode.swift; path = PeriodSelectCalendar.swift; sourceTree = "<group>"; };
		3014AC382B1305F200B52B12 /* CustomCalendarCell.swift */ = {isa = PBXFileReference; lastKnownFileType = sourcecode.swift; path = CustomCalendarCell.swift; sourceTree = "<group>"; };
		3014AC432B13A20800B52B12 /* PeriodSettingButton.swift */ = {isa = PBXFileReference; lastKnownFileType = sourcecode.swift; path = PeriodSettingButton.swift; sourceTree = "<group>"; };
		3014AC452B13A22E00B52B12 /* StatisticsCalendarViewModel.swift */ = {isa = PBXFileReference; lastKnownFileType = sourcecode.swift; path = StatisticsCalendarViewModel.swift; sourceTree = "<group>"; };
		3014AC472B13C28200B52B12 /* OnboardingViewModel.swift */ = {isa = PBXFileReference; lastKnownFileType = sourcecode.swift; path = OnboardingViewModel.swift; sourceTree = "<group>"; };
		30151F422AE3AD590036B60D /* SmokingAmount.swift */ = {isa = PBXFileReference; lastKnownFileType = sourcecode.swift; path = SmokingAmount.swift; sourceTree = "<group>"; };
		30151F442AE3AE850036B60D /* DrinkCheckView.swift */ = {isa = PBXFileReference; lastKnownFileType = sourcecode.swift; path = DrinkCheckView.swift; sourceTree = "<group>"; };
		30151F462AE3AF060036B60D /* DrinkAmount.swift */ = {isa = PBXFileReference; lastKnownFileType = sourcecode.swift; path = DrinkAmount.swift; sourceTree = "<group>"; };
		30151F482AE4007B0036B60D /* CaffeineCheckView.swift */ = {isa = PBXFileReference; lastKnownFileType = sourcecode.swift; path = CaffeineCheckView.swift; sourceTree = "<group>"; };
		301971532AE4F00600728D16 /* DailyCompleteView.swift */ = {isa = PBXFileReference; lastKnownFileType = sourcecode.swift; path = DailyCompleteView.swift; sourceTree = "<group>"; };
		301971572AE50A0800728D16 /* DailyMedicationList.swift */ = {isa = PBXFileReference; lastKnownFileType = sourcecode.swift; path = DailyMedicationList.swift; sourceTree = "<group>"; };
		304180CD2ADA8E37002AD2E3 /* Hamsters.app */ = {isa = PBXFileReference; explicitFileType = wrapper.application; includeInIndex = 0; path = Hamsters.app; sourceTree = BUILT_PRODUCTS_DIR; };
		304180D02ADA8E37002AD2E3 /* HamstersApp.swift */ = {isa = PBXFileReference; lastKnownFileType = sourcecode.swift; path = HamstersApp.swift; sourceTree = "<group>"; };
		304180D22ADA8E37002AD2E3 /* StartView.swift */ = {isa = PBXFileReference; lastKnownFileType = sourcecode.swift; path = StartView.swift; sourceTree = "<group>"; };
		304180D42ADA8E39002AD2E3 /* Assets.xcassets */ = {isa = PBXFileReference; lastKnownFileType = folder.assetcatalog; path = Assets.xcassets; sourceTree = "<group>"; };
		304180D72ADA8E39002AD2E3 /* Preview Assets.xcassets */ = {isa = PBXFileReference; lastKnownFileType = folder.assetcatalog; path = "Preview Assets.xcassets"; sourceTree = "<group>"; };
		304180E62ADAC9D7002AD2E3 /* OnboardingNextButton.swift */ = {isa = PBXFileReference; lastKnownFileType = sourcecode.swift; path = OnboardingNextButton.swift; sourceTree = "<group>"; };
		304180EE2ADBB37B002AD2E3 /* View+.swift */ = {isa = PBXFileReference; lastKnownFileType = sourcecode.swift; path = "View+.swift"; sourceTree = "<group>"; };
		304180F22ADC0C3F002AD2E3 /* OnboardingView.swift */ = {isa = PBXFileReference; lastKnownFileType = sourcecode.swift; path = OnboardingView.swift; sourceTree = "<group>"; };
		304180F42ADC1325002AD2E3 /* OnboardingBackButton.swift */ = {isa = PBXFileReference; lastKnownFileType = sourcecode.swift; path = OnboardingBackButton.swift; sourceTree = "<group>"; };
		304180F72ADC15A9002AD2E3 /* SexSetView.swift */ = {isa = PBXFileReference; lastKnownFileType = sourcecode.swift; path = SexSetView.swift; sourceTree = "<group>"; };
		304180F92ADCC740002AD2E3 /* SmokingSetView.swift */ = {isa = PBXFileReference; lastKnownFileType = sourcecode.swift; path = SmokingSetView.swift; sourceTree = "<group>"; };
		304180FB2ADCC9ED002AD2E3 /* SetupCompleteView.swift */ = {isa = PBXFileReference; lastKnownFileType = sourcecode.swift; path = SetupCompleteView.swift; sourceTree = "<group>"; };
		305240132ADD73EB008FCD14 /* UserDefaultsKey.swift */ = {isa = PBXFileReference; fileEncoding = 4; lastKnownFileType = sourcecode.swift; path = UserDefaultsKey.swift; sourceTree = "<group>"; };
		305240142ADD73EB008FCD14 /* SmokingStatus.swift */ = {isa = PBXFileReference; fileEncoding = 4; lastKnownFileType = sourcecode.swift; path = SmokingStatus.swift; sourceTree = "<group>"; };
		305240152ADD73EB008FCD14 /* SexClassification.swift */ = {isa = PBXFileReference; fileEncoding = 4; lastKnownFileType = sourcecode.swift; path = SexClassification.swift; sourceTree = "<group>"; };
		305240192ADE1299008FCD14 /* String+.swift */ = {isa = PBXFileReference; lastKnownFileType = sourcecode.swift; path = "String+.swift"; sourceTree = "<group>"; };
		305240452ADFA855008FCD14 /* DailyRecordProgressBar.swift */ = {isa = PBXFileReference; lastKnownFileType = sourcecode.swift; path = DailyRecordProgressBar.swift; sourceTree = "<group>"; };
		3077DDA32B0B358F00F715EE /* SelectedHamster.swift */ = {isa = PBXFileReference; lastKnownFileType = sourcecode.swift; path = SelectedHamster.swift; sourceTree = "<group>"; };
		3077DDA52B0B79E900F715EE /* MyInfoViewModel.swift */ = {isa = PBXFileReference; lastKnownFileType = sourcecode.swift; path = MyInfoViewModel.swift; sourceTree = "<group>"; };
		307B7D642AE42480007CB7F5 /* MedicineModel.swift */ = {isa = PBXFileReference; fileEncoding = 4; lastKnownFileType = sourcecode.swift; path = MedicineModel.swift; sourceTree = "<group>"; };
		307B7D652AE42480007CB7F5 /* AlarmItem.swift */ = {isa = PBXFileReference; fileEncoding = 4; lastKnownFileType = sourcecode.swift; path = AlarmItem.swift; sourceTree = "<group>"; };
		307B7D692AE424A2007CB7F5 /* MedicineRow.swift */ = {isa = PBXFileReference; fileEncoding = 4; lastKnownFileType = sourcecode.swift; path = MedicineRow.swift; sourceTree = "<group>"; };
		307B7D6A2AE424A2007CB7F5 /* MedicationView.swift */ = {isa = PBXFileReference; fileEncoding = 4; lastKnownFileType = sourcecode.swift; path = MedicationView.swift; sourceTree = "<group>"; };
		307B7D6B2AE424A2007CB7F5 /* AlarmFrequencyView.swift */ = {isa = PBXFileReference; fileEncoding = 4; lastKnownFileType = sourcecode.swift; path = AlarmFrequencyView.swift; sourceTree = "<group>"; };
		307B7D6C2AE424A2007CB7F5 /* AlarmRow.swift */ = {isa = PBXFileReference; fileEncoding = 4; lastKnownFileType = sourcecode.swift; path = AlarmRow.swift; sourceTree = "<group>"; };
		307B7D6D2AE424A2007CB7F5 /* AddMedicineView.swift */ = {isa = PBXFileReference; fileEncoding = 4; lastKnownFileType = sourcecode.swift; path = AddMedicineView.swift; sourceTree = "<group>"; };
		307B7D742AE424BC007CB7F5 /* MedicineViewModel.swift */ = {isa = PBXFileReference; fileEncoding = 4; lastKnownFileType = sourcecode.swift; path = MedicineViewModel.swift; sourceTree = "<group>"; };
		307B7D752AE424BC007CB7F5 /* AlarmViewModel.swift */ = {isa = PBXFileReference; fileEncoding = 4; lastKnownFileType = sourcecode.swift; path = AlarmViewModel.swift; sourceTree = "<group>"; };
		307B7D7A2AE43053007CB7F5 /* MainTabView.swift */ = {isa = PBXFileReference; lastKnownFileType = sourcecode.swift; path = MainTabView.swift; sourceTree = "<group>"; };
		307B7D7C2AE43092007CB7F5 /* TabItem.swift */ = {isa = PBXFileReference; lastKnownFileType = sourcecode.swift; path = TabItem.swift; sourceTree = "<group>"; };
		307B7D7E2AE43254007CB7F5 /* RecordMainView.swift */ = {isa = PBXFileReference; lastKnownFileType = sourcecode.swift; path = RecordMainView.swift; sourceTree = "<group>"; };
		307B7D802AE432A2007CB7F5 /* DiaryMainView.swift */ = {isa = PBXFileReference; lastKnownFileType = sourcecode.swift; path = DiaryMainView.swift; sourceTree = "<group>"; };
		307B7D832AE432EF007CB7F5 /* StatisticsMainView.swift */ = {isa = PBXFileReference; lastKnownFileType = sourcecode.swift; path = StatisticsMainView.swift; sourceTree = "<group>"; };
		307B7D862AE43322007CB7F5 /* MyInfoMainView.swift */ = {isa = PBXFileReference; lastKnownFileType = sourcecode.swift; path = MyInfoMainView.swift; sourceTree = "<group>"; };
		307B7D892AE4E0B1007CB7F5 /* AdditionalMemoView.swift */ = {isa = PBXFileReference; lastKnownFileType = sourcecode.swift; path = AdditionalMemoView.swift; sourceTree = "<group>"; };
		309AE7F82B17662A002F7038 /* onboardingHamster.json */ = {isa = PBXFileReference; fileEncoding = 4; lastKnownFileType = text.json; path = onboardingHamster.json; sourceTree = "<group>"; };
		30A0B2392B065A1D00F51AE1 /* RecordWeeklyCalendar.swift */ = {isa = PBXFileReference; lastKnownFileType = sourcecode.swift; path = RecordWeeklyCalendar.swift; sourceTree = "<group>"; };
		30BB50B82ADFABBC0050CF69 /* ConditionSlider.swift */ = {isa = PBXFileReference; lastKnownFileType = sourcecode.swift; path = ConditionSlider.swift; sourceTree = "<group>"; };
		30BB50BD2ADFFAE00050CF69 /* ConditionCheckView.swift */ = {isa = PBXFileReference; lastKnownFileType = sourcecode.swift; path = ConditionCheckView.swift; sourceTree = "<group>"; };
		30BB50BF2ADFFB710050CF69 /* DailyRecordView.swift */ = {isa = PBXFileReference; lastKnownFileType = sourcecode.swift; path = DailyRecordView.swift; sourceTree = "<group>"; };
		30BB50C12AE0C0680050CF69 /* DailyRecordNextButton.swift */ = {isa = PBXFileReference; lastKnownFileType = sourcecode.swift; path = DailyRecordNextButton.swift; sourceTree = "<group>"; };
		30BB50C32AE1FCA80050CF69 /* MoodCheckView.swift */ = {isa = PBXFileReference; lastKnownFileType = sourcecode.swift; path = MoodCheckView.swift; sourceTree = "<group>"; };
		30BB50C82AE395F80050CF69 /* SmokingCheckView.swift */ = {isa = PBXFileReference; lastKnownFileType = sourcecode.swift; path = SmokingCheckView.swift; sourceTree = "<group>"; };
		30D60C902AFFD048005D5D96 /* Onboarding.swift */ = {isa = PBXFileReference; lastKnownFileType = sourcecode.swift; path = Onboarding.swift; sourceTree = "<group>"; };
		30D60C942B00FD1C005D5D96 /* NextButton.swift */ = {isa = PBXFileReference; lastKnownFileType = sourcecode.swift; path = NextButton.swift; sourceTree = "<group>"; };
		30E376C62B011FCA00E8A10D /* CheerUpView.swift */ = {isa = PBXFileReference; lastKnownFileType = sourcecode.swift; path = CheerUpView.swift; sourceTree = "<group>"; };
		30EEFF362B09D13F0016D8BA /* ProfileEditView.swift */ = {isa = PBXFileReference; lastKnownFileType = sourcecode.swift; path = ProfileEditView.swift; sourceTree = "<group>"; };
		30EEFF382B09D15C0016D8BA /* QuestionItemEditView.swift */ = {isa = PBXFileReference; lastKnownFileType = sourcecode.swift; path = QuestionItemEditView.swift; sourceTree = "<group>"; };
		7622A7D52B0E563200926022 /* TakensManager.swift */ = {isa = PBXFileReference; lastKnownFileType = sourcecode.swift; path = TakensManager.swift; sourceTree = "<group>"; };
		7622A7D72B0E5A0B00926022 /* HistoryModel.swift */ = {isa = PBXFileReference; lastKnownFileType = sourcecode.swift; path = HistoryModel.swift; sourceTree = "<group>"; };
		7622A7DB2B0EF18C00926022 /* RecordMainViewModel.swift */ = {isa = PBXFileReference; lastKnownFileType = sourcecode.swift; path = RecordMainViewModel.swift; sourceTree = "<group>"; };
		7622A7DD2B0F76BB00926022 /* DummyManager.swift */ = {isa = PBXFileReference; lastKnownFileType = sourcecode.swift; path = DummyManager.swift; sourceTree = "<group>"; };
		7622A7DF2B0F864700926022 /* MedicinesManager.swift */ = {isa = PBXFileReference; lastKnownFileType = sourcecode.swift; path = MedicinesManager.swift; sourceTree = "<group>"; };
		7622A7E12B0F9CA900926022 /* MedicineSchedule.swift */ = {isa = PBXFileReference; lastKnownFileType = sourcecode.swift; path = MedicineSchedule.swift; sourceTree = "<group>"; };
		7622B5D32B0AE37C00FA970B /* DiaryMainViewModel.swift */ = {isa = PBXFileReference; lastKnownFileType = sourcecode.swift; path = DiaryMainViewModel.swift; sourceTree = "<group>"; };
		7622B5D52B0AFDB100FA970B /* DiaryUpdateView.swift */ = {isa = PBXFileReference; lastKnownFileType = sourcecode.swift; path = DiaryUpdateView.swift; sourceTree = "<group>"; };
		7645ABFC2B0306BA007F6139 /* PushManager.swift */ = {isa = PBXFileReference; lastKnownFileType = sourcecode.swift; path = PushManager.swift; sourceTree = "<group>"; };
		7645ABFE2B052E5A007F6139 /* PushProtocol.swift */ = {isa = PBXFileReference; lastKnownFileType = sourcecode.swift; path = PushProtocol.swift; sourceTree = "<group>"; };
		7645AC002B06587B007F6139 /* DailyRecordViewModel.swift */ = {isa = PBXFileReference; lastKnownFileType = sourcecode.swift; path = DailyRecordViewModel.swift; sourceTree = "<group>"; };
		7645AC022B0684FF007F6139 /* DailyRecordPage.swift */ = {isa = PBXFileReference; lastKnownFileType = sourcecode.swift; path = DailyRecordPage.swift; sourceTree = "<group>"; };
		768562D82AFC821F00AF5C95 /* ProfileSetView.swift */ = {isa = PBXFileReference; lastKnownFileType = sourcecode.swift; path = ProfileSetView.swift; sourceTree = "<group>"; };
		768562DA2AFCC1DB00AF5C95 /* ProfileInput.swift */ = {isa = PBXFileReference; lastKnownFileType = sourcecode.swift; path = ProfileInput.swift; sourceTree = "<group>"; };
		768562DD2AFDCE6F00AF5C95 /* HealthKitManager.swift */ = {isa = PBXFileReference; lastKnownFileType = sourcecode.swift; path = HealthKitManager.swift; sourceTree = "<group>"; };
		768562DF2AFDCEBD00AF5C95 /* Hamsters.entitlements */ = {isa = PBXFileReference; lastKnownFileType = text.plist.entitlements; path = Hamsters.entitlements; sourceTree = "<group>"; };
		768562E02AFDCF2000AF5C95 /* HKWorkoutActivityType.swift */ = {isa = PBXFileReference; lastKnownFileType = sourcecode.swift; path = HKWorkoutActivityType.swift; sourceTree = "<group>"; };
		768562E22AFDD08E00AF5C95 /* Info.plist */ = {isa = PBXFileReference; lastKnownFileType = text.plist; path = Info.plist; sourceTree = "<group>"; };
		768562E32AFE73A500AF5C95 /* ConditionView.swift */ = {isa = PBXFileReference; lastKnownFileType = sourcecode.swift; path = ConditionView.swift; sourceTree = "<group>"; };
		768562E52AFE7BCB00AF5C95 /* ConditionViewModel.swift */ = {isa = PBXFileReference; lastKnownFileType = sourcecode.swift; name = ConditionViewModel.swift; path = Hamsters/Scenes/Tab/RecordTab/DailyRecord/ConditionViewModel.swift; sourceTree = SOURCE_ROOT; };
		769FFF8E2AFBE23700B12515 /* safeAreaInsets.swift */ = {isa = PBXFileReference; lastKnownFileType = sourcecode.swift; path = safeAreaInsets.swift; sourceTree = "<group>"; };
		76B3870F2AFF99C80067CDAF /* Answer.swift */ = {isa = PBXFileReference; lastKnownFileType = sourcecode.swift; path = Answer.swift; sourceTree = "<group>"; };
		76B387112AFFAFC60067CDAF /* ActivityView.swift */ = {isa = PBXFileReference; lastKnownFileType = sourcecode.swift; path = ActivityView.swift; sourceTree = "<group>"; };
		76B387132AFFC6D00067CDAF /* ActivityModalView.swift */ = {isa = PBXFileReference; lastKnownFileType = sourcecode.swift; path = ActivityModalView.swift; sourceTree = "<group>"; };
		76B387152B008A9D0067CDAF /* Date.swift */ = {isa = PBXFileReference; lastKnownFileType = sourcecode.swift; path = Date.swift; sourceTree = "<group>"; };
		76B771122B0B5BA0007EE7EA /* RecordProtocol.swift */ = {isa = PBXFileReference; lastKnownFileType = sourcecode.swift; path = RecordProtocol.swift; sourceTree = "<group>"; };
		76BFF2F82B103DE000124280 /* StatisticsMainViewModel.swift */ = {isa = PBXFileReference; lastKnownFileType = sourcecode.swift; path = StatisticsMainViewModel.swift; sourceTree = "<group>"; };
		76BFF2FA2B1042FF00124280 /* DayRecordsManager.swift */ = {isa = PBXFileReference; lastKnownFileType = sourcecode.swift; path = DayRecordsManager.swift; sourceTree = "<group>"; };
		76D52F3F2AFE9B45009A0698 /* RoundedCorner.swift */ = {isa = PBXFileReference; lastKnownFileType = sourcecode.swift; path = RoundedCorner.swift; sourceTree = "<group>"; };
		76D52F412AFE9B86009A0698 /* ComputerChat.swift */ = {isa = PBXFileReference; lastKnownFileType = sourcecode.swift; path = ComputerChat.swift; sourceTree = "<group>"; };
		76D52F442AFF2A79009A0698 /* ConditionModel.swift */ = {isa = PBXFileReference; lastKnownFileType = sourcecode.swift; path = ConditionModel.swift; sourceTree = "<group>"; };
		76D52F462AFF2AD2009A0698 /* UserChat.swift */ = {isa = PBXFileReference; lastKnownFileType = sourcecode.swift; path = UserChat.swift; sourceTree = "<group>"; };
		76E48DD22AFB8F670065EA65 /* WelcomeView.swift */ = {isa = PBXFileReference; lastKnownFileType = sourcecode.swift; path = WelcomeView.swift; sourceTree = "<group>"; };
		B51663CF2B05B75500241491 /* DayRecord.swift */ = {isa = PBXFileReference; lastKnownFileType = sourcecode.swift; path = DayRecord.swift; sourceTree = "<group>"; };
		B58CD81E2B0C02D500E12608 /* DailyMedicationViewModel.swift */ = {isa = PBXFileReference; lastKnownFileType = sourcecode.swift; name = DailyMedicationViewModel.swift; path = Hamsters/Models/Record/DailyMedicationViewModel.swift; sourceTree = SOURCE_ROOT; };
		B58CD8282B0C516300E12608 /* TakenMedicine+CoreDataClass.swift */ = {isa = PBXFileReference; lastKnownFileType = sourcecode.swift; path = "TakenMedicine+CoreDataClass.swift"; sourceTree = "<group>"; };
		B58CD8292B0C516300E12608 /* TakenMedicine+CoreDataProperties.swift */ = {isa = PBXFileReference; lastKnownFileType = sourcecode.swift; path = "TakenMedicine+CoreDataProperties.swift"; sourceTree = "<group>"; };
		B58CD82A2B0C516300E12608 /* TakenMedicines+CoreDataClass.swift */ = {isa = PBXFileReference; lastKnownFileType = sourcecode.swift; path = "TakenMedicines+CoreDataClass.swift"; sourceTree = "<group>"; };
		B58CD82B2B0C516300E12608 /* TakenMedicines+CoreDataProperties.swift */ = {isa = PBXFileReference; lastKnownFileType = sourcecode.swift; path = "TakenMedicines+CoreDataProperties.swift"; sourceTree = "<group>"; };
		B59311632B01A77C0092A2E0 /* CoreMedicineModel.xcdatamodel */ = {isa = PBXFileReference; lastKnownFileType = wrapper.xcdatamodel; path = CoreMedicineModel.xcdatamodel; sourceTree = "<group>"; };
		B593116D2B01B8740092A2E0 /* CoreDataManager.swift */ = {isa = PBXFileReference; lastKnownFileType = sourcecode.swift; path = CoreDataManager.swift; sourceTree = "<group>"; };
		B59746292AE504220074D5CC /* MenstruationCheckView.swift */ = {isa = PBXFileReference; lastKnownFileType = sourcecode.swift; path = MenstruationCheckView.swift; sourceTree = "<group>"; };
		B597462B2AE5D7190074D5CC /* SleepingTimeView.swift */ = {isa = PBXFileReference; lastKnownFileType = sourcecode.swift; path = SleepingTimeView.swift; sourceTree = "<group>"; };
		B5BDEC272B0AADAD0018D1C9 /* DailyViewModel.swift */ = {isa = PBXFileReference; lastKnownFileType = sourcecode.swift; name = DailyViewModel.swift; path = Hamsters/Models/Record/DailyViewModel.swift; sourceTree = SOURCE_ROOT; };
		B5F904C62AE4E0DA00FDE4CB /* SideEffectCheckView.swift */ = {isa = PBXFileReference; lastKnownFileType = sourcecode.swift; path = SideEffectCheckView.swift; sourceTree = "<group>"; };
		B5F904CD2AE4E4DF00FDE4CB /* SideEffects.swift */ = {isa = PBXFileReference; lastKnownFileType = sourcecode.swift; path = SideEffects.swift; sourceTree = "<group>"; };
		B5F904CF2AE4E61200FDE4CB /* CapsuleView.swift */ = {isa = PBXFileReference; lastKnownFileType = sourcecode.swift; path = CapsuleView.swift; sourceTree = "<group>"; };
		B5F904D12AE4F98F00FDE4CB /* WeightCheckView.swift */ = {isa = PBXFileReference; lastKnownFileType = sourcecode.swift; path = WeightCheckView.swift; sourceTree = "<group>"; };
/* End PBXFileReference section */

/* Begin PBXFrameworksBuildPhase section */
		304180CA2ADA8E37002AD2E3 /* Frameworks */ = {
			isa = PBXFrameworksBuildPhase;
			buildActionMask = 2147483647;
			files = (
				B5F904CA2AE4E13500FDE4CB /* WrappingHStack in Frameworks */,
				30A0B2382B06594D00F51AE1 /* FSCalendar in Frameworks */,
				30BB50BC2ADFABDB0050CF69 /* Sliders in Frameworks */,
				300E8E9C2AFB30D2001728FE /* Lottie in Frameworks */,
			);
			runOnlyForDeploymentPostprocessing = 0;
		};
/* End PBXFrameworksBuildPhase section */

/* Begin PBXGroup section */
		300E8E9F2AFB3174001728FE /* Resource */ = {
			isa = PBXGroup;
			children = (
				309AE7F82B17662A002F7038 /* onboardingHamster.json */,
				300E8EA22AFC67C3001728FE /* onboardingConfetti.json */,
				304180D42ADA8E39002AD2E3 /* Assets.xcassets */,
			);
			path = Resource;
			sourceTree = "<group>";
		};
		302A23A72B1641C700686C68 /* ViewModel */ = {
			isa = PBXGroup;
			children = (
				3077DDA52B0B79E900F715EE /* MyInfoViewModel.swift */,
			);
			path = ViewModel;
			sourceTree = "<group>";
		};
		304180C42ADA8E37002AD2E3 = {
			isa = PBXGroup;
			children = (
				B58CD8282B0C516300E12608 /* TakenMedicine+CoreDataClass.swift */,
				B58CD8292B0C516300E12608 /* TakenMedicine+CoreDataProperties.swift */,
				B58CD82A2B0C516300E12608 /* TakenMedicines+CoreDataClass.swift */,
				B58CD82B2B0C516300E12608 /* TakenMedicines+CoreDataProperties.swift */,
				B59311622B01A77C0092A2E0 /* CoreDataModel.xcdatamodeld */,
				304180CF2ADA8E37002AD2E3 /* Hamsters */,
				304180CE2ADA8E37002AD2E3 /* Products */,
				7622A7D42B0E329900926022 /* Recovered References */,
			);
			sourceTree = "<group>";
		};
		304180CE2ADA8E37002AD2E3 /* Products */ = {
			isa = PBXGroup;
			children = (
				304180CD2ADA8E37002AD2E3 /* Hamsters.app */,
			);
			name = Products;
			sourceTree = "<group>";
		};
		304180CF2ADA8E37002AD2E3 /* Hamsters */ = {
			isa = PBXGroup;
			children = (
				76D52F3E2AFE9B37009A0698 /* helper */,
				768562E22AFDD08E00AF5C95 /* Info.plist */,
				768562DF2AFDCEBD00AF5C95 /* Hamsters.entitlements */,
				304180D02ADA8E37002AD2E3 /* HamstersApp.swift */,
				304180ED2ADBB36A002AD2E3 /* Extensions */,
				304180DF2ADAACF1002AD2E3 /* Models */,
				304180DE2ADAACE2002AD2E3 /* Scenes */,
				300E8E9F2AFB3174001728FE /* Resource */,
				304180D62ADA8E39002AD2E3 /* Preview Content */,
			);
			path = Hamsters;
			sourceTree = "<group>";
		};
		304180D62ADA8E39002AD2E3 /* Preview Content */ = {
			isa = PBXGroup;
			children = (
				304180D72ADA8E39002AD2E3 /* Preview Assets.xcassets */,
			);
			path = "Preview Content";
			sourceTree = "<group>";
		};
		304180DE2ADAACE2002AD2E3 /* Scenes */ = {
			isa = PBXGroup;
			children = (
				304180D22ADA8E37002AD2E3 /* StartView.swift */,
				304180E02ADAAD03002AD2E3 /* Onboarding */,
				307B7D782AE42FB5007CB7F5 /* Tab */,
			);
			path = Scenes;
			sourceTree = "<group>";
		};
		304180DF2ADAACF1002AD2E3 /* Models */ = {
			isa = PBXGroup;
			children = (
				76B771112B0B5B70007EE7EA /* protocol */,
				76D52F432AFF2A54009A0698 /* Record */,
				768562DC2AFDCE5800AF5C95 /* Manager */,
				307B7D632AE42480007CB7F5 /* Medicine */,
				305240122ADD73EB008FCD14 /* Enums */,
			);
			path = Models;
			sourceTree = "<group>";
		};
		304180E02ADAAD03002AD2E3 /* Onboarding */ = {
			isa = PBXGroup;
			children = (
				307B7D732AE424BC007CB7F5 /* ViewModel */,
				304180F62ADC1375002AD2E3 /* Components */,
				304180F22ADC0C3F002AD2E3 /* OnboardingView.swift */,
				76E48DD22AFB8F670065EA65 /* WelcomeView.swift */,
				768562D82AFC821F00AF5C95 /* ProfileSetView.swift */,
				304180F72ADC15A9002AD2E3 /* SexSetView.swift */,
				307B7D682AE424A2007CB7F5 /* Medication */,
				304180F92ADCC740002AD2E3 /* SmokingSetView.swift */,
				304180FB2ADCC9ED002AD2E3 /* SetupCompleteView.swift */,
				300E8E9D2AFB314F001728FE /* LottieConfettiView.swift */,
			);
			path = Onboarding;
			sourceTree = "<group>";
		};
		304180ED2ADBB36A002AD2E3 /* Extensions */ = {
			isa = PBXGroup;
			children = (
				304180EE2ADBB37B002AD2E3 /* View+.swift */,
				305240192ADE1299008FCD14 /* String+.swift */,
				769FFF8E2AFBE23700B12515 /* safeAreaInsets.swift */,
				768562E02AFDCF2000AF5C95 /* HKWorkoutActivityType.swift */,
				76B387152B008A9D0067CDAF /* Date.swift */,
			);
			path = Extensions;
			sourceTree = "<group>";
		};
		304180F62ADC1375002AD2E3 /* Components */ = {
			isa = PBXGroup;
			children = (
				304180E62ADAC9D7002AD2E3 /* OnboardingNextButton.swift */,
				304180F42ADC1325002AD2E3 /* OnboardingBackButton.swift */,
				300E8E982AF9D8CA001728FE /* ProgressBarAndTitle.swift */,
				768562DA2AFCC1DB00AF5C95 /* ProfileInput.swift */,
			);
			path = Components;
			sourceTree = "<group>";
		};
		305240122ADD73EB008FCD14 /* Enums */ = {
			isa = PBXGroup;
			children = (
				305240132ADD73EB008FCD14 /* UserDefaultsKey.swift */,
				30D60C902AFFD048005D5D96 /* Onboarding.swift */,
				305240142ADD73EB008FCD14 /* SmokingStatus.swift */,
				305240152ADD73EB008FCD14 /* SexClassification.swift */,
				30151F422AE3AD590036B60D /* SmokingAmount.swift */,
				30151F462AE3AF060036B60D /* DrinkAmount.swift */,
				307B7D7C2AE43092007CB7F5 /* TabItem.swift */,
				B5F904CD2AE4E4DF00FDE4CB /* SideEffects.swift */,
				76B3870F2AFF99C80067CDAF /* Answer.swift */,
				7645AC022B0684FF007F6139 /* DailyRecordPage.swift */,
				3077DDA32B0B358F00F715EE /* SelectedHamster.swift */,
			);
			path = Enums;
			sourceTree = "<group>";
		};
		305240422ADFA766008FCD14 /* DailyRecord */ = {
			isa = PBXGroup;
			children = (
				30BB50C72AE2CDE90050CF69 /* ViewModel */,
				305240432ADFA78C008FCD14 /* Components */,
				30BB50BF2ADFFB710050CF69 /* DailyRecordView.swift */,
				768562E32AFE73A500AF5C95 /* ConditionView.swift */,
				30BB50BD2ADFFAE00050CF69 /* ConditionCheckView.swift */,
				30BB50C32AE1FCA80050CF69 /* MoodCheckView.swift */,
				B597462B2AE5D7190074D5CC /* SleepingTimeView.swift */,
				B5F904C62AE4E0DA00FDE4CB /* SideEffectCheckView.swift */,
				B5F904D12AE4F98F00FDE4CB /* WeightCheckView.swift */,
				B59746292AE504220074D5CC /* MenstruationCheckView.swift */,
				30E376C62B011FCA00E8A10D /* CheerUpView.swift */,
				30BB50C82AE395F80050CF69 /* SmokingCheckView.swift */,
				30151F482AE4007B0036B60D /* CaffeineCheckView.swift */,
				30151F442AE3AE850036B60D /* DrinkCheckView.swift */,
				307B7D892AE4E0B1007CB7F5 /* AdditionalMemoView.swift */,
				301971532AE4F00600728D16 /* DailyCompleteView.swift */,
				76B387112AFFAFC60067CDAF /* ActivityView.swift */,
				76B387132AFFC6D00067CDAF /* ActivityModalView.swift */,
			);
			path = DailyRecord;
			sourceTree = "<group>";
		};
		305240432ADFA78C008FCD14 /* Components */ = {
			isa = PBXGroup;
			children = (
				305240452ADFA855008FCD14 /* DailyRecordProgressBar.swift */,
				30BB50C12AE0C0680050CF69 /* DailyRecordNextButton.swift */,
				B5F904CF2AE4E61200FDE4CB /* CapsuleView.swift */,
				30BB50B82ADFABBC0050CF69 /* ConditionSlider.swift */,
				76D52F412AFE9B86009A0698 /* ComputerChat.swift */,
				76D52F462AFF2AD2009A0698 /* UserChat.swift */,
				30D60C942B00FD1C005D5D96 /* NextButton.swift */,
			);
			path = Components;
			sourceTree = "<group>";
		};
		307B7D632AE42480007CB7F5 /* Medicine */ = {
			isa = PBXGroup;
			children = (
				307B7D642AE42480007CB7F5 /* MedicineModel.swift */,
				307B7D652AE42480007CB7F5 /* AlarmItem.swift */,
				7622A7D72B0E5A0B00926022 /* HistoryModel.swift */,
				7622A7E12B0F9CA900926022 /* MedicineSchedule.swift */,
			);
			path = Medicine;
			sourceTree = "<group>";
		};
		307B7D682AE424A2007CB7F5 /* Medication */ = {
			isa = PBXGroup;
			children = (
				307B7D6A2AE424A2007CB7F5 /* MedicationView.swift */,
				307B7D692AE424A2007CB7F5 /* MedicineRow.swift */,
				307B7D6D2AE424A2007CB7F5 /* AddMedicineView.swift */,
				307B7D6C2AE424A2007CB7F5 /* AlarmRow.swift */,
				307B7D6B2AE424A2007CB7F5 /* AlarmFrequencyView.swift */,
			);
			path = Medication;
			sourceTree = "<group>";
		};
		307B7D732AE424BC007CB7F5 /* ViewModel */ = {
			isa = PBXGroup;
			children = (
				307B7D742AE424BC007CB7F5 /* MedicineViewModel.swift */,
				307B7D752AE424BC007CB7F5 /* AlarmViewModel.swift */,
				3014AC472B13C28200B52B12 /* OnboardingViewModel.swift */,
			);
			path = ViewModel;
			sourceTree = "<group>";
		};
		307B7D782AE42FB5007CB7F5 /* Tab */ = {
			isa = PBXGroup;
			children = (
				307B7D7A2AE43053007CB7F5 /* MainTabView.swift */,
				307B7D792AE43017007CB7F5 /* RecordTab */,
				307B7D822AE432D0007CB7F5 /* DiaryTab */,
				307B7D852AE43304007CB7F5 /* StatisticsTab */,
				307B7D882AE43325007CB7F5 /* MyInfoTab */,
			);
			path = Tab;
			sourceTree = "<group>";
		};
		307B7D792AE43017007CB7F5 /* RecordTab */ = {
			isa = PBXGroup;
			children = (
				7622A7DA2B0EF15500926022 /* viewModel */,
				307B7D7E2AE43254007CB7F5 /* RecordMainView.swift */,
				30A0B2392B065A1D00F51AE1 /* RecordWeeklyCalendar.swift */,
				301971572AE50A0800728D16 /* DailyMedicationList.swift */,
				305240422ADFA766008FCD14 /* DailyRecord */,
			);
			path = RecordTab;
			sourceTree = "<group>";
		};
		307B7D822AE432D0007CB7F5 /* DiaryTab */ = {
			isa = PBXGroup;
			children = (
				7622B5D22B0AE35000FA970B /* viewModel */,
				307B7D802AE432A2007CB7F5 /* DiaryMainView.swift */,
				7622B5D52B0AFDB100FA970B /* DiaryUpdateView.swift */,
				3014AC2C2B0DE71F00B52B12 /* DiaryTempWeeklyView.swift */,
				3014AC282B0DCCB400B52B12 /* DiaryExpandedCalendarView.swift */,
				3014AC2A2B0DE67E00B52B12 /* DiaryWeeklyCalendar.swift */,
				3014AC262B0DAFDB00B52B12 /* DiaryMonthlyCalendar.swift */,
			);
			path = DiaryTab;
			sourceTree = "<group>";
		};
		307B7D852AE43304007CB7F5 /* StatisticsTab */ = {
			isa = PBXGroup;
			children = (
				76BFF2F72B103DBE00124280 /* viewModel */,
				307B7D832AE432EF007CB7F5 /* StatisticsMainView.swift */,
				3014AC432B13A20800B52B12 /* PeriodSettingButton.swift */,
				3014AC302B121E3B00B52B12 /* SelectPeriodView.swift */,
				3014AC362B1301A500B52B12 /* PeriodSelectCalendar.swift */,
				3014AC382B1305F200B52B12 /* CustomCalendarCell.swift */,
				3014AC322B12249B00B52B12 /* MonthPicker.swift */,
			);
			path = StatisticsTab;
			sourceTree = "<group>";
		};
		307B7D882AE43325007CB7F5 /* MyInfoTab */ = {
			isa = PBXGroup;
			children = (
				302A23A72B1641C700686C68 /* ViewModel */,
				307B7D862AE43322007CB7F5 /* MyInfoMainView.swift */,
				30EEFF362B09D13F0016D8BA /* ProfileEditView.swift */,
				30EEFF382B09D15C0016D8BA /* QuestionItemEditView.swift */,
			);
			path = MyInfoTab;
			sourceTree = "<group>";
		};
		30BB50C72AE2CDE90050CF69 /* ViewModel */ = {
			isa = PBXGroup;
			children = (
				B5BDEC272B0AADAD0018D1C9 /* DailyViewModel.swift */,
				768562E52AFE7BCB00AF5C95 /* ConditionViewModel.swift */,
				7645AC002B06587B007F6139 /* DailyRecordViewModel.swift */,
			);
			path = ViewModel;
			sourceTree = "<group>";
		};
		7622A7D42B0E329900926022 /* Recovered References */ = {
			isa = PBXGroup;
			children = (
				B58CD81E2B0C02D500E12608 /* DailyMedicationViewModel.swift */,
			);
			name = "Recovered References";
			sourceTree = "<group>";
		};
		7622A7DA2B0EF15500926022 /* viewModel */ = {
			isa = PBXGroup;
			children = (
				7622A7DB2B0EF18C00926022 /* RecordMainViewModel.swift */,
			);
			path = viewModel;
			sourceTree = "<group>";
		};
		7622B5D22B0AE35000FA970B /* viewModel */ = {
			isa = PBXGroup;
			children = (
				7622B5D32B0AE37C00FA970B /* DiaryMainViewModel.swift */,
				3014AC2E2B0EF44500B52B12 /* DiaryCalendarViewModel.swift */,
			);
			path = viewModel;
			sourceTree = "<group>";
		};
		768562DC2AFDCE5800AF5C95 /* Manager */ = {
			isa = PBXGroup;
			children = (
				B593116D2B01B8740092A2E0 /* CoreDataManager.swift */,
				768562DD2AFDCE6F00AF5C95 /* HealthKitManager.swift */,
				7645ABFC2B0306BA007F6139 /* PushManager.swift */,
				7622A7D52B0E563200926022 /* TakensManager.swift */,
				7622A7DD2B0F76BB00926022 /* DummyManager.swift */,
				7622A7DF2B0F864700926022 /* MedicinesManager.swift */,
				76BFF2FA2B1042FF00124280 /* DayRecordsManager.swift */,
			);
			path = Manager;
			sourceTree = "<group>";
		};
		76B771112B0B5B70007EE7EA /* protocol */ = {
			isa = PBXGroup;
			children = (
				7645ABFE2B052E5A007F6139 /* PushProtocol.swift */,
				76B771122B0B5BA0007EE7EA /* RecordProtocol.swift */,
			);
			path = protocol;
			sourceTree = "<group>";
		};
		76BFF2F72B103DBE00124280 /* viewModel */ = {
			isa = PBXGroup;
			children = (
				76BFF2F82B103DE000124280 /* StatisticsMainViewModel.swift */,
				3014AC452B13A22E00B52B12 /* StatisticsCalendarViewModel.swift */,
			);
			path = viewModel;
			sourceTree = "<group>";
		};
		76D52F3E2AFE9B37009A0698 /* helper */ = {
			isa = PBXGroup;
			children = (
				76D52F3F2AFE9B45009A0698 /* RoundedCorner.swift */,
			);
			path = helper;
			sourceTree = "<group>";
		};
		76D52F432AFF2A54009A0698 /* Record */ = {
			isa = PBXGroup;
			children = (
				76D52F442AFF2A79009A0698 /* ConditionModel.swift */,
				B51663CF2B05B75500241491 /* DayRecord.swift */,
			);
			path = Record;
			sourceTree = "<group>";
		};
/* End PBXGroup section */

/* Begin PBXNativeTarget section */
		304180CC2ADA8E37002AD2E3 /* Hamsters */ = {
			isa = PBXNativeTarget;
			buildConfigurationList = 304180DB2ADA8E39002AD2E3 /* Build configuration list for PBXNativeTarget "Hamsters" */;
			buildPhases = (
				304180C92ADA8E37002AD2E3 /* Sources */,
				304180CA2ADA8E37002AD2E3 /* Frameworks */,
				304180CB2ADA8E37002AD2E3 /* Resources */,
			);
			buildRules = (
			);
			dependencies = (
			);
			name = Hamsters;
			packageProductDependencies = (
				30BB50BB2ADFABDB0050CF69 /* Sliders */,
				B5F904C92AE4E13500FDE4CB /* WrappingHStack */,
				300E8E9B2AFB30D2001728FE /* Lottie */,
				30A0B2372B06594D00F51AE1 /* FSCalendar */,
			);
			productName = Hamsters;
			productReference = 304180CD2ADA8E37002AD2E3 /* Hamsters.app */;
			productType = "com.apple.product-type.application";
		};
/* End PBXNativeTarget section */

/* Begin PBXProject section */
		304180C52ADA8E37002AD2E3 /* Project object */ = {
			isa = PBXProject;
			attributes = {
				BuildIndependentTargetsInParallel = 1;
				LastSwiftUpdateCheck = 1500;
				LastUpgradeCheck = 1500;
				TargetAttributes = {
					304180CC2ADA8E37002AD2E3 = {
						CreatedOnToolsVersion = 15.0;
					};
				};
			};
			buildConfigurationList = 304180C82ADA8E37002AD2E3 /* Build configuration list for PBXProject "Hamsters" */;
			compatibilityVersion = "Xcode 14.0";
			developmentRegion = ko;
			hasScannedForEncodings = 0;
			knownRegions = (
				en,
				Base,
				ko,
			);
			mainGroup = 304180C42ADA8E37002AD2E3;
			packageReferences = (
				30BB50BA2ADFABDB0050CF69 /* XCRemoteSwiftPackageReference "swiftui-sliders" */,
				B5F904C82AE4E13500FDE4CB /* XCRemoteSwiftPackageReference "WrappingHStack" */,
				300E8E9A2AFB30D2001728FE /* XCRemoteSwiftPackageReference "lottie-ios" */,
				30A0B2362B06594D00F51AE1 /* XCRemoteSwiftPackageReference "FSCalendar" */,
			);
			productRefGroup = 304180CE2ADA8E37002AD2E3 /* Products */;
			projectDirPath = "";
			projectRoot = "";
			targets = (
				304180CC2ADA8E37002AD2E3 /* Hamsters */,
			);
		};
/* End PBXProject section */

/* Begin PBXResourcesBuildPhase section */
		304180CB2ADA8E37002AD2E3 /* Resources */ = {
			isa = PBXResourcesBuildPhase;
			buildActionMask = 2147483647;
			files = (
				300E8EA32AFC67C3001728FE /* onboardingConfetti.json in Resources */,
				309AE7F92B17662A002F7038 /* onboardingHamster.json in Resources */,
				304180D82ADA8E39002AD2E3 /* Preview Assets.xcassets in Resources */,
				304180D52ADA8E39002AD2E3 /* Assets.xcassets in Resources */,
			);
			runOnlyForDeploymentPostprocessing = 0;
		};
/* End PBXResourcesBuildPhase section */

/* Begin PBXSourcesBuildPhase section */
		304180C92ADA8E37002AD2E3 /* Sources */ = {
			isa = PBXSourcesBuildPhase;
			buildActionMask = 2147483647;
			files = (
				307B7D812AE432A2007CB7F5 /* DiaryMainView.swift in Sources */,
				307B7D712AE424A2007CB7F5 /* AlarmRow.swift in Sources */,
				30EEFF372B09D13F0016D8BA /* ProfileEditView.swift in Sources */,
				30BB50C22AE0C0680050CF69 /* DailyRecordNextButton.swift in Sources */,
				76BFF2FB2B1042FF00124280 /* DayRecordsManager.swift in Sources */,
				3014AC392B1305F200B52B12 /* CustomCalendarCell.swift in Sources */,
				307B7D6E2AE424A2007CB7F5 /* MedicineRow.swift in Sources */,
				30151F452AE3AE850036B60D /* DrinkCheckView.swift in Sources */,
				30EEFF392B09D15C0016D8BA /* QuestionItemEditView.swift in Sources */,
				768562DE2AFDCE6F00AF5C95 /* HealthKitManager.swift in Sources */,
				307B7D7B2AE43053007CB7F5 /* MainTabView.swift in Sources */,
				307B7D772AE424BC007CB7F5 /* AlarmViewModel.swift in Sources */,
				76B387102AFF99C80067CDAF /* Answer.swift in Sources */,
				3077DDA62B0B79E900F715EE /* MyInfoViewModel.swift in Sources */,
				307B7D842AE432EF007CB7F5 /* StatisticsMainView.swift in Sources */,
				3014AC312B121E3B00B52B12 /* SelectPeriodView.swift in Sources */,
				76D52F422AFE9B86009A0698 /* ComputerChat.swift in Sources */,
				76D52F402AFE9B45009A0698 /* RoundedCorner.swift in Sources */,
				76B387142AFFC6D00067CDAF /* ActivityModalView.swift in Sources */,
				7622B5D42B0AE37C00FA970B /* DiaryMainViewModel.swift in Sources */,
				768562E42AFE73A500AF5C95 /* ConditionView.swift in Sources */,
				304180FA2ADCC740002AD2E3 /* SmokingSetView.swift in Sources */,
				7645ABFD2B0306BA007F6139 /* PushManager.swift in Sources */,
				7622A7E22B0F9CA900926022 /* MedicineSchedule.swift in Sources */,
				768562D92AFC821F00AF5C95 /* ProfileSetView.swift in Sources */,
				307B7D8A2AE4E0B1007CB7F5 /* AdditionalMemoView.swift in Sources */,
				768562E12AFDCF2000AF5C95 /* HKWorkoutActivityType.swift in Sources */,
				30151F432AE3AD590036B60D /* SmokingAmount.swift in Sources */,
				B597462A2AE504220074D5CC /* MenstruationCheckView.swift in Sources */,
				3014AC2B2B0DE67E00B52B12 /* DiaryWeeklyCalendar.swift in Sources */,
				76B771132B0B5BA0007EE7EA /* RecordProtocol.swift in Sources */,
				3014AC2D2B0DE71F00B52B12 /* DiaryTempWeeklyView.swift in Sources */,
				B59311642B01A77C0092A2E0 /* CoreDataModel.xcdatamodeld in Sources */,
				B593116E2B01B8740092A2E0 /* CoreDataManager.swift in Sources */,
				305240172ADD73EB008FCD14 /* SmokingStatus.swift in Sources */,
				7622A7E02B0F864700926022 /* MedicinesManager.swift in Sources */,
				7622A7D62B0E563200926022 /* TakensManager.swift in Sources */,
				307B7D662AE42480007CB7F5 /* MedicineModel.swift in Sources */,
				3014AC272B0DAFDB00B52B12 /* DiaryMonthlyCalendar.swift in Sources */,
				307B7D722AE424A2007CB7F5 /* AddMedicineView.swift in Sources */,
				307B7D672AE42480007CB7F5 /* AlarmItem.swift in Sources */,
				B5F904CE2AE4E4DF00FDE4CB /* SideEffects.swift in Sources */,
				B58CD82F2B0C516300E12608 /* TakenMedicines+CoreDataProperties.swift in Sources */,
				3014AC482B13C28200B52B12 /* OnboardingViewModel.swift in Sources */,
				769FFF8F2AFBE23700B12515 /* safeAreaInsets.swift in Sources */,
				7645AC012B06587B007F6139 /* DailyRecordViewModel.swift in Sources */,
				B5F904C72AE4E0DA00FDE4CB /* SideEffectCheckView.swift in Sources */,
				30BB50B92ADFABBC0050CF69 /* ConditionSlider.swift in Sources */,
				304180D32ADA8E37002AD2E3 /* StartView.swift in Sources */,
				30D60C952B00FD1C005D5D96 /* NextButton.swift in Sources */,
				307B7D702AE424A2007CB7F5 /* AlarmFrequencyView.swift in Sources */,
				76D52F452AFF2A79009A0698 /* ConditionModel.swift in Sources */,
				7622B5D62B0AFDB100FA970B /* DiaryUpdateView.swift in Sources */,
				7645AC032B0684FF007F6139 /* DailyRecordPage.swift in Sources */,
				76D52F472AFF2AD2009A0698 /* UserChat.swift in Sources */,
				307B7D872AE43322007CB7F5 /* MyInfoMainView.swift in Sources */,
				30A0B23A2B065A1D00F51AE1 /* RecordWeeklyCalendar.swift in Sources */,
				3014AC2F2B0EF44500B52B12 /* DiaryCalendarViewModel.swift in Sources */,
				B5F904D02AE4E61200FDE4CB /* CapsuleView.swift in Sources */,
				30E376C72B011FCA00E8A10D /* CheerUpView.swift in Sources */,
				30BB50C42AE1FCA80050CF69 /* MoodCheckView.swift in Sources */,
				3077DDA42B0B358F00F715EE /* SelectedHamster.swift in Sources */,
				30BB50BE2ADFFAE00050CF69 /* ConditionCheckView.swift in Sources */,
				B5BDEC282B0AADAD0018D1C9 /* DailyViewModel.swift in Sources */,
				7622A7DC2B0EF18C00926022 /* RecordMainViewModel.swift in Sources */,
				300E8E9E2AFB314F001728FE /* LottieConfettiView.swift in Sources */,
				30BB50C02ADFFB710050CF69 /* DailyRecordView.swift in Sources */,
				B58CD82E2B0C516300E12608 /* TakenMedicines+CoreDataClass.swift in Sources */,
				3014AC462B13A22E00B52B12 /* StatisticsCalendarViewModel.swift in Sources */,
				76B387162B008A9D0067CDAF /* Date.swift in Sources */,
				307B7D7F2AE43254007CB7F5 /* RecordMainView.swift in Sources */,
				76BFF2F92B103DE000124280 /* StatisticsMainViewModel.swift in Sources */,
				7622A7D82B0E5A0B00926022 /* HistoryModel.swift in Sources */,
				768562E62AFE7BCB00AF5C95 /* ConditionViewModel.swift in Sources */,
				768562DB2AFCC1DB00AF5C95 /* ProfileInput.swift in Sources */,
				305240462ADFA855008FCD14 /* DailyRecordProgressBar.swift in Sources */,
				304180E72ADAC9D7002AD2E3 /* OnboardingNextButton.swift in Sources */,
				307B7D762AE424BC007CB7F5 /* MedicineViewModel.swift in Sources */,
				B58CD82C2B0C516300E12608 /* TakenMedicine+CoreDataClass.swift in Sources */,
				3014AC372B1301A500B52B12 /* PeriodSelectCalendar.swift in Sources */,
				304180F32ADC0C3F002AD2E3 /* OnboardingView.swift in Sources */,
				304180EF2ADBB37B002AD2E3 /* View+.swift in Sources */,
				B58CD82D2B0C516300E12608 /* TakenMedicine+CoreDataProperties.swift in Sources */,
				301971582AE50A0800728D16 /* DailyMedicationList.swift in Sources */,
				304180F82ADC15A9002AD2E3 /* SexSetView.swift in Sources */,
				30D60C912AFFD048005D5D96 /* Onboarding.swift in Sources */,
				30151F492AE4007B0036B60D /* CaffeineCheckView.swift in Sources */,
				3014AC292B0DCCB400B52B12 /* DiaryExpandedCalendarView.swift in Sources */,
				76B387122AFFAFC60067CDAF /* ActivityView.swift in Sources */,
				B597462C2AE5D7190074D5CC /* SleepingTimeView.swift in Sources */,
				30151F472AE3AF060036B60D /* DrinkAmount.swift in Sources */,
				305240162ADD73EB008FCD14 /* UserDefaultsKey.swift in Sources */,
				301971542AE4F00600728D16 /* DailyCompleteView.swift in Sources */,
				30BB50C92AE395F80050CF69 /* SmokingCheckView.swift in Sources */,
				B58CD81F2B0C02D600E12608 /* DailyMedicationViewModel.swift in Sources */,
				307B7D7D2AE43092007CB7F5 /* TabItem.swift in Sources */,
				7622A7DE2B0F76BB00926022 /* DummyManager.swift in Sources */,
				304180D12ADA8E37002AD2E3 /* HamstersApp.swift in Sources */,
				B5F904D22AE4F98F00FDE4CB /* WeightCheckView.swift in Sources */,
				3014AC332B12249B00B52B12 /* MonthPicker.swift in Sources */,
				7645ABFF2B052E5A007F6139 /* PushProtocol.swift in Sources */,
				304180F52ADC1325002AD2E3 /* OnboardingBackButton.swift in Sources */,
				3052401A2ADE1299008FCD14 /* String+.swift in Sources */,
				3014AC442B13A20800B52B12 /* PeriodSettingButton.swift in Sources */,
				76E48DD32AFB8F670065EA65 /* WelcomeView.swift in Sources */,
				305240182ADD73EB008FCD14 /* SexClassification.swift in Sources */,
				307B7D6F2AE424A2007CB7F5 /* MedicationView.swift in Sources */,
				304180FC2ADCC9ED002AD2E3 /* SetupCompleteView.swift in Sources */,
				B51663D02B05B75500241491 /* DayRecord.swift in Sources */,
				300E8E992AF9D8CA001728FE /* ProgressBarAndTitle.swift in Sources */,
			);
			runOnlyForDeploymentPostprocessing = 0;
		};
/* End PBXSourcesBuildPhase section */

/* Begin XCBuildConfiguration section */
		304180D92ADA8E39002AD2E3 /* Debug */ = {
			isa = XCBuildConfiguration;
			buildSettings = {
				ALWAYS_SEARCH_USER_PATHS = NO;
				ASSETCATALOG_COMPILER_GENERATE_SWIFT_ASSET_SYMBOL_EXTENSIONS = YES;
				CLANG_ANALYZER_NONNULL = YES;
				CLANG_ANALYZER_NUMBER_OBJECT_CONVERSION = YES_AGGRESSIVE;
				CLANG_CXX_LANGUAGE_STANDARD = "gnu++20";
				CLANG_ENABLE_MODULES = YES;
				CLANG_ENABLE_OBJC_ARC = YES;
				CLANG_ENABLE_OBJC_WEAK = YES;
				CLANG_WARN_BLOCK_CAPTURE_AUTORELEASING = YES;
				CLANG_WARN_BOOL_CONVERSION = YES;
				CLANG_WARN_COMMA = YES;
				CLANG_WARN_CONSTANT_CONVERSION = YES;
				CLANG_WARN_DEPRECATED_OBJC_IMPLEMENTATIONS = YES;
				CLANG_WARN_DIRECT_OBJC_ISA_USAGE = YES_ERROR;
				CLANG_WARN_DOCUMENTATION_COMMENTS = YES;
				CLANG_WARN_EMPTY_BODY = YES;
				CLANG_WARN_ENUM_CONVERSION = YES;
				CLANG_WARN_INFINITE_RECURSION = YES;
				CLANG_WARN_INT_CONVERSION = YES;
				CLANG_WARN_NON_LITERAL_NULL_CONVERSION = YES;
				CLANG_WARN_OBJC_IMPLICIT_RETAIN_SELF = YES;
				CLANG_WARN_OBJC_LITERAL_CONVERSION = YES;
				CLANG_WARN_OBJC_ROOT_CLASS = YES_ERROR;
				CLANG_WARN_QUOTED_INCLUDE_IN_FRAMEWORK_HEADER = YES;
				CLANG_WARN_RANGE_LOOP_ANALYSIS = YES;
				CLANG_WARN_STRICT_PROTOTYPES = YES;
				CLANG_WARN_SUSPICIOUS_MOVE = YES;
				CLANG_WARN_UNGUARDED_AVAILABILITY = YES_AGGRESSIVE;
				CLANG_WARN_UNREACHABLE_CODE = YES;
				CLANG_WARN__DUPLICATE_METHOD_MATCH = YES;
				COPY_PHASE_STRIP = NO;
				DEBUG_INFORMATION_FORMAT = dwarf;
				ENABLE_STRICT_OBJC_MSGSEND = YES;
				ENABLE_TESTABILITY = YES;
				ENABLE_USER_SCRIPT_SANDBOXING = YES;
				GCC_C_LANGUAGE_STANDARD = gnu17;
				GCC_DYNAMIC_NO_PIC = NO;
				GCC_NO_COMMON_BLOCKS = YES;
				GCC_OPTIMIZATION_LEVEL = 0;
				GCC_PREPROCESSOR_DEFINITIONS = (
					"DEBUG=1",
					"$(inherited)",
				);
				GCC_WARN_64_TO_32_BIT_CONVERSION = YES;
				GCC_WARN_ABOUT_RETURN_TYPE = YES_ERROR;
				GCC_WARN_UNDECLARED_SELECTOR = YES;
				GCC_WARN_UNINITIALIZED_AUTOS = YES_AGGRESSIVE;
				GCC_WARN_UNUSED_FUNCTION = YES;
				GCC_WARN_UNUSED_VARIABLE = YES;
				IPHONEOS_DEPLOYMENT_TARGET = 16.0;
				LOCALIZATION_PREFERS_STRING_CATALOGS = YES;
				MTL_ENABLE_DEBUG_INFO = INCLUDE_SOURCE;
				MTL_FAST_MATH = YES;
				ONLY_ACTIVE_ARCH = YES;
				SDKROOT = iphoneos;
				SWIFT_ACTIVE_COMPILATION_CONDITIONS = "DEBUG $(inherited)";
				SWIFT_OPTIMIZATION_LEVEL = "-Onone";
			};
			name = Debug;
		};
		304180DA2ADA8E39002AD2E3 /* Release */ = {
			isa = XCBuildConfiguration;
			buildSettings = {
				ALWAYS_SEARCH_USER_PATHS = NO;
				ASSETCATALOG_COMPILER_GENERATE_SWIFT_ASSET_SYMBOL_EXTENSIONS = YES;
				CLANG_ANALYZER_NONNULL = YES;
				CLANG_ANALYZER_NUMBER_OBJECT_CONVERSION = YES_AGGRESSIVE;
				CLANG_CXX_LANGUAGE_STANDARD = "gnu++20";
				CLANG_ENABLE_MODULES = YES;
				CLANG_ENABLE_OBJC_ARC = YES;
				CLANG_ENABLE_OBJC_WEAK = YES;
				CLANG_WARN_BLOCK_CAPTURE_AUTORELEASING = YES;
				CLANG_WARN_BOOL_CONVERSION = YES;
				CLANG_WARN_COMMA = YES;
				CLANG_WARN_CONSTANT_CONVERSION = YES;
				CLANG_WARN_DEPRECATED_OBJC_IMPLEMENTATIONS = YES;
				CLANG_WARN_DIRECT_OBJC_ISA_USAGE = YES_ERROR;
				CLANG_WARN_DOCUMENTATION_COMMENTS = YES;
				CLANG_WARN_EMPTY_BODY = YES;
				CLANG_WARN_ENUM_CONVERSION = YES;
				CLANG_WARN_INFINITE_RECURSION = YES;
				CLANG_WARN_INT_CONVERSION = YES;
				CLANG_WARN_NON_LITERAL_NULL_CONVERSION = YES;
				CLANG_WARN_OBJC_IMPLICIT_RETAIN_SELF = YES;
				CLANG_WARN_OBJC_LITERAL_CONVERSION = YES;
				CLANG_WARN_OBJC_ROOT_CLASS = YES_ERROR;
				CLANG_WARN_QUOTED_INCLUDE_IN_FRAMEWORK_HEADER = YES;
				CLANG_WARN_RANGE_LOOP_ANALYSIS = YES;
				CLANG_WARN_STRICT_PROTOTYPES = YES;
				CLANG_WARN_SUSPICIOUS_MOVE = YES;
				CLANG_WARN_UNGUARDED_AVAILABILITY = YES_AGGRESSIVE;
				CLANG_WARN_UNREACHABLE_CODE = YES;
				CLANG_WARN__DUPLICATE_METHOD_MATCH = YES;
				COPY_PHASE_STRIP = NO;
				DEBUG_INFORMATION_FORMAT = "dwarf-with-dsym";
				ENABLE_NS_ASSERTIONS = NO;
				ENABLE_STRICT_OBJC_MSGSEND = YES;
				ENABLE_USER_SCRIPT_SANDBOXING = YES;
				GCC_C_LANGUAGE_STANDARD = gnu17;
				GCC_NO_COMMON_BLOCKS = YES;
				GCC_WARN_64_TO_32_BIT_CONVERSION = YES;
				GCC_WARN_ABOUT_RETURN_TYPE = YES_ERROR;
				GCC_WARN_UNDECLARED_SELECTOR = YES;
				GCC_WARN_UNINITIALIZED_AUTOS = YES_AGGRESSIVE;
				GCC_WARN_UNUSED_FUNCTION = YES;
				GCC_WARN_UNUSED_VARIABLE = YES;
				IPHONEOS_DEPLOYMENT_TARGET = 16.0;
				LOCALIZATION_PREFERS_STRING_CATALOGS = YES;
				MTL_ENABLE_DEBUG_INFO = NO;
				MTL_FAST_MATH = YES;
				SDKROOT = iphoneos;
				SWIFT_COMPILATION_MODE = wholemodule;
				VALIDATE_PRODUCT = YES;
			};
			name = Release;
		};
		304180DC2ADA8E39002AD2E3 /* Debug */ = {
			isa = XCBuildConfiguration;
			buildSettings = {
				ASSETCATALOG_COMPILER_APPICON_NAME = AppIcon;
				ASSETCATALOG_COMPILER_GLOBAL_ACCENT_COLOR_NAME = AccentColor;
				CODE_SIGN_ENTITLEMENTS = Hamsters/Hamsters.entitlements;
				CODE_SIGN_IDENTITY = "Apple Development";
				CODE_SIGN_STYLE = Automatic;
				CURRENT_PROJECT_VERSION = 1;
				DEVELOPMENT_ASSET_PATHS = "\"Hamsters/Preview Content\"";
				DEVELOPMENT_TEAM = TAP4M2PF77;
				ENABLE_PREVIEWS = YES;
				GENERATE_INFOPLIST_FILE = YES;
				INFOPLIST_FILE = Hamsters/Info.plist;
				INFOPLIST_KEY_CFBundleDisplayName = Clue;
				INFOPLIST_KEY_LSApplicationCategoryType = "public.app-category.medical";
				INFOPLIST_KEY_NSHealthClinicalHealthRecordsShareUsageDescription = "다음 의료 데이터에 접근을 허용해 주시기 바랍니다.";
				INFOPLIST_KEY_NSHealthShareUsageDescription = "다음 건강 정보를 기록할 권한을 요청합니다.";
				INFOPLIST_KEY_NSHealthUpdateUsageDescription = "HealthKit Permission Needed to read and write user health data";
				INFOPLIST_KEY_UIApplicationSceneManifest_Generation = YES;
				INFOPLIST_KEY_UIApplicationSupportsIndirectInputEvents = YES;
				INFOPLIST_KEY_UILaunchScreen_Generation = YES;
				INFOPLIST_KEY_UISupportedInterfaceOrientations = UIInterfaceOrientationPortrait;
				INFOPLIST_KEY_UISupportedInterfaceOrientations_iPad = "UIInterfaceOrientationLandscapeLeft UIInterfaceOrientationLandscapeRight UIInterfaceOrientationPortrait UIInterfaceOrientationPortraitUpsideDown";
				IPHONEOS_DEPLOYMENT_TARGET = 16.0;
				LD_RUNPATH_SEARCH_PATHS = (
					"$(inherited)",
					"@executable_path/Frameworks",
				);
				MARKETING_VERSION = 1.0;
				PRODUCT_BUNDLE_IDENTIFIER = com.ThotartUp.ClueH;
				PRODUCT_NAME = "$(TARGET_NAME)";
				PROVISIONING_PROFILE_SPECIFIER = "";
				SUPPORTED_PLATFORMS = "iphoneos iphonesimulator";
				SUPPORTS_MACCATALYST = NO;
				SUPPORTS_MAC_DESIGNED_FOR_IPHONE_IPAD = NO;
				SWIFT_EMIT_LOC_STRINGS = YES;
				SWIFT_VERSION = 5.0;
				TARGETED_DEVICE_FAMILY = 1;
			};
			name = Debug;
		};
		304180DD2ADA8E39002AD2E3 /* Release */ = {
			isa = XCBuildConfiguration;
			buildSettings = {
				ASSETCATALOG_COMPILER_APPICON_NAME = AppIcon;
				ASSETCATALOG_COMPILER_GLOBAL_ACCENT_COLOR_NAME = AccentColor;
				CODE_SIGN_ENTITLEMENTS = Hamsters/Hamsters.entitlements;
				CODE_SIGN_IDENTITY = "Apple Development";
				CODE_SIGN_STYLE = Automatic;
				CURRENT_PROJECT_VERSION = 1;
				DEVELOPMENT_ASSET_PATHS = "\"Hamsters/Preview Content\"";
				DEVELOPMENT_TEAM = TAP4M2PF77;
				ENABLE_PREVIEWS = YES;
				GENERATE_INFOPLIST_FILE = YES;
				INFOPLIST_FILE = Hamsters/Info.plist;
				INFOPLIST_KEY_CFBundleDisplayName = Clue;
				INFOPLIST_KEY_LSApplicationCategoryType = "public.app-category.medical";
				INFOPLIST_KEY_NSHealthClinicalHealthRecordsShareUsageDescription = "다음 의료 데이터에 접근을 허용해 주시기 바랍니다.";
				INFOPLIST_KEY_NSHealthShareUsageDescription = "다음 건강 정보를 기록할 권한을 요청합니다.";
				INFOPLIST_KEY_NSHealthUpdateUsageDescription = "HealthKit Permission Needed to read and write user health data";
				INFOPLIST_KEY_UIApplicationSceneManifest_Generation = YES;
				INFOPLIST_KEY_UIApplicationSupportsIndirectInputEvents = YES;
				INFOPLIST_KEY_UILaunchScreen_Generation = YES;
				INFOPLIST_KEY_UISupportedInterfaceOrientations = UIInterfaceOrientationPortrait;
				INFOPLIST_KEY_UISupportedInterfaceOrientations_iPad = "UIInterfaceOrientationLandscapeLeft UIInterfaceOrientationLandscapeRight UIInterfaceOrientationPortrait UIInterfaceOrientationPortraitUpsideDown";
				IPHONEOS_DEPLOYMENT_TARGET = 16.0;
				LD_RUNPATH_SEARCH_PATHS = (
					"$(inherited)",
					"@executable_path/Frameworks",
				);
				MARKETING_VERSION = 1.0;
				PRODUCT_BUNDLE_IDENTIFIER = com.ThotartUp.ClueH;
				PRODUCT_NAME = "$(TARGET_NAME)";
				PROVISIONING_PROFILE_SPECIFIER = "";
				SUPPORTED_PLATFORMS = "iphoneos iphonesimulator";
				SUPPORTS_MACCATALYST = NO;
				SUPPORTS_MAC_DESIGNED_FOR_IPHONE_IPAD = NO;
				SWIFT_EMIT_LOC_STRINGS = YES;
				SWIFT_VERSION = 5.0;
				TARGETED_DEVICE_FAMILY = 1;
			};
			name = Release;
		};
/* End XCBuildConfiguration section */

/* Begin XCConfigurationList section */
		304180C82ADA8E37002AD2E3 /* Build configuration list for PBXProject "Hamsters" */ = {
			isa = XCConfigurationList;
			buildConfigurations = (
				304180D92ADA8E39002AD2E3 /* Debug */,
				304180DA2ADA8E39002AD2E3 /* Release */,
			);
			defaultConfigurationIsVisible = 0;
			defaultConfigurationName = Release;
		};
		304180DB2ADA8E39002AD2E3 /* Build configuration list for PBXNativeTarget "Hamsters" */ = {
			isa = XCConfigurationList;
			buildConfigurations = (
				304180DC2ADA8E39002AD2E3 /* Debug */,
				304180DD2ADA8E39002AD2E3 /* Release */,
			);
			defaultConfigurationIsVisible = 0;
			defaultConfigurationName = Release;
		};
/* End XCConfigurationList section */

/* Begin XCRemoteSwiftPackageReference section */
		300E8E9A2AFB30D2001728FE /* XCRemoteSwiftPackageReference "lottie-ios" */ = {
			isa = XCRemoteSwiftPackageReference;
			repositoryURL = "https://github.com/airbnb/lottie-ios";
			requirement = {
				kind = upToNextMajorVersion;
				minimumVersion = 4.3.3;
			};
		};
		30A0B2362B06594D00F51AE1 /* XCRemoteSwiftPackageReference "FSCalendar" */ = {
			isa = XCRemoteSwiftPackageReference;
			repositoryURL = "https://github.com/WenchaoD/FSCalendar.git";
			requirement = {
				kind = upToNextMajorVersion;
				minimumVersion = 2.8.4;
			};
		};
		30BB50BA2ADFABDB0050CF69 /* XCRemoteSwiftPackageReference "swiftui-sliders" */ = {
			isa = XCRemoteSwiftPackageReference;
			repositoryURL = "https://github.com/spacenation/swiftui-sliders.git";
			requirement = {
				kind = upToNextMajorVersion;
				minimumVersion = 2.1.0;
			};
		};
		B5F904C82AE4E13500FDE4CB /* XCRemoteSwiftPackageReference "WrappingHStack" */ = {
			isa = XCRemoteSwiftPackageReference;
			repositoryURL = "https://github.com/ksemianov/WrappingHStack";
			requirement = {
				kind = upToNextMajorVersion;
				minimumVersion = 0.1.3;
			};
		};
/* End XCRemoteSwiftPackageReference section */

/* Begin XCSwiftPackageProductDependency section */
		300E8E9B2AFB30D2001728FE /* Lottie */ = {
			isa = XCSwiftPackageProductDependency;
			package = 300E8E9A2AFB30D2001728FE /* XCRemoteSwiftPackageReference "lottie-ios" */;
			productName = Lottie;
		};
		30A0B2372B06594D00F51AE1 /* FSCalendar */ = {
			isa = XCSwiftPackageProductDependency;
			package = 30A0B2362B06594D00F51AE1 /* XCRemoteSwiftPackageReference "FSCalendar" */;
			productName = FSCalendar;
		};
		30BB50BB2ADFABDB0050CF69 /* Sliders */ = {
			isa = XCSwiftPackageProductDependency;
			package = 30BB50BA2ADFABDB0050CF69 /* XCRemoteSwiftPackageReference "swiftui-sliders" */;
			productName = Sliders;
		};
		B5F904C92AE4E13500FDE4CB /* WrappingHStack */ = {
			isa = XCSwiftPackageProductDependency;
			package = B5F904C82AE4E13500FDE4CB /* XCRemoteSwiftPackageReference "WrappingHStack" */;
			productName = WrappingHStack;
		};
/* End XCSwiftPackageProductDependency section */

/* Begin XCVersionGroup section */
		B59311622B01A77C0092A2E0 /* CoreDataModel.xcdatamodeld */ = {
			isa = XCVersionGroup;
			children = (
				B59311632B01A77C0092A2E0 /* CoreMedicineModel.xcdatamodel */,
			);
			currentVersion = B59311632B01A77C0092A2E0 /* CoreMedicineModel.xcdatamodel */;
			path = CoreDataModel.xcdatamodeld;
			sourceTree = "<group>";
			versionGroupType = wrapper.xcdatamodel;
		};
/* End XCVersionGroup section */
	};
	rootObject = 304180C52ADA8E37002AD2E3 /* Project object */;
}
