// !$*UTF8*$!
{
	archiveVersion = 1;
	classes = {
	};
	objectVersion = 56;
	objects = {

/* Begin PBXBuildFile section */
		304180D12ADA8E37002AD2E3 /* HamstersApp.swift in Sources */ = {isa = PBXBuildFile; fileRef = 304180D02ADA8E37002AD2E3 /* HamstersApp.swift */; };
		304180D32ADA8E37002AD2E3 /* StartView.swift in Sources */ = {isa = PBXBuildFile; fileRef = 304180D22ADA8E37002AD2E3 /* StartView.swift */; };
		304180D52ADA8E39002AD2E3 /* Assets.xcassets in Resources */ = {isa = PBXBuildFile; fileRef = 304180D42ADA8E39002AD2E3 /* Assets.xcassets */; };
		304180D82ADA8E39002AD2E3 /* Preview Assets.xcassets in Resources */ = {isa = PBXBuildFile; fileRef = 304180D72ADA8E39002AD2E3 /* Preview Assets.xcassets */; };
		B571E1E92ADCB3FE00969755 /* MedicationView.swift in Sources */ = {isa = PBXBuildFile; fileRef = B571E1E82ADCB3FE00969755 /* MedicationView.swift */; };
		B571E1EE2ADCC8DF00969755 /* AddMedicineView.swift in Sources */ = {isa = PBXBuildFile; fileRef = B571E1ED2ADCC8DF00969755 /* AddMedicineView.swift */; };
		B571E1F02ADD1D8700969755 /* AlarmItem.swift in Sources */ = {isa = PBXBuildFile; fileRef = B571E1EF2ADD1D8600969755 /* AlarmItem.swift */; };
		B571E1F32ADD1DDA00969755 /* AlarmViewModel.swift in Sources */ = {isa = PBXBuildFile; fileRef = B571E1F22ADD1DDA00969755 /* AlarmViewModel.swift */; };
		B571E1F52ADD253600969755 /* AlarmRow.swift in Sources */ = {isa = PBXBuildFile; fileRef = B571E1F42ADD253600969755 /* AlarmRow.swift */; };
		B5DB8E912AE020C200191384 /* MedicineViewModel.swift in Sources */ = {isa = PBXBuildFile; fileRef = B5DB8E902AE020C200191384 /* MedicineViewModel.swift */; };
		B5DB8E942AE0894600191384 /* MedicineRow.swift in Sources */ = {isa = PBXBuildFile; fileRef = B5DB8E932AE0894600191384 /* MedicineRow.swift */; };
		B5E912162ADE52A800084B0F /* AlarmFrequencyView.swift in Sources */ = {isa = PBXBuildFile; fileRef = B5E912152ADE52A800084B0F /* AlarmFrequencyView.swift */; };
		B5E9121B2ADF6A0900084B0F /* MedicineModel.swift in Sources */ = {isa = PBXBuildFile; fileRef = B5E9121A2ADF6A0900084B0F /* MedicineModel.swift */; };
		304180E52ADAC730002AD2E3 /* AgreementView.swift in Sources */ = {isa = PBXBuildFile; fileRef = 304180E42ADAC730002AD2E3 /* AgreementView.swift */; };
		304180E72ADAC9D7002AD2E3 /* OnboardingNextButton.swift in Sources */ = {isa = PBXBuildFile; fileRef = 304180E62ADAC9D7002AD2E3 /* OnboardingNextButton.swift */; };
		304180EC2ADAEFFC002AD2E3 /* NicknameSetView.swift in Sources */ = {isa = PBXBuildFile; fileRef = 304180EB2ADAEFFC002AD2E3 /* NicknameSetView.swift */; };
		304180EF2ADBB37B002AD2E3 /* View+.swift in Sources */ = {isa = PBXBuildFile; fileRef = 304180EE2ADBB37B002AD2E3 /* View+.swift */; };
		304180F12ADBCA6E002AD2E3 /* OnboardingProgressBar.swift in Sources */ = {isa = PBXBuildFile; fileRef = 304180F02ADBCA6E002AD2E3 /* OnboardingProgressBar.swift */; };
		304180F32ADC0C3F002AD2E3 /* OnboardingView.swift in Sources */ = {isa = PBXBuildFile; fileRef = 304180F22ADC0C3F002AD2E3 /* OnboardingView.swift */; };
		304180F52ADC1325002AD2E3 /* OnboardingBackButton.swift in Sources */ = {isa = PBXBuildFile; fileRef = 304180F42ADC1325002AD2E3 /* OnboardingBackButton.swift */; };
		304180F82ADC15A9002AD2E3 /* SexSetView.swift in Sources */ = {isa = PBXBuildFile; fileRef = 304180F72ADC15A9002AD2E3 /* SexSetView.swift */; };
		304180FA2ADCC740002AD2E3 /* SmokingSetView.swift in Sources */ = {isa = PBXBuildFile; fileRef = 304180F92ADCC740002AD2E3 /* SmokingSetView.swift */; };
		304180FC2ADCC9ED002AD2E3 /* SetupCompleteView.swift in Sources */ = {isa = PBXBuildFile; fileRef = 304180FB2ADCC9ED002AD2E3 /* SetupCompleteView.swift */; };
		3052400F2ADD21DF008FCD14 /* TempMedicationVeiw.swift in Sources */ = {isa = PBXBuildFile; fileRef = 3052400E2ADD21DF008FCD14 /* TempMedicationVeiw.swift */; };
		305240162ADD73EB008FCD14 /* UserDefaultsKey.swift in Sources */ = {isa = PBXBuildFile; fileRef = 305240132ADD73EB008FCD14 /* UserDefaultsKey.swift */; };
		305240172ADD73EB008FCD14 /* SmokingStatus.swift in Sources */ = {isa = PBXBuildFile; fileRef = 305240142ADD73EB008FCD14 /* SmokingStatus.swift */; };
		305240182ADD73EB008FCD14 /* SexClassification.swift in Sources */ = {isa = PBXBuildFile; fileRef = 305240152ADD73EB008FCD14 /* SexClassification.swift */; };
		3052401A2ADE1299008FCD14 /* String+.swift in Sources */ = {isa = PBXBuildFile; fileRef = 305240192ADE1299008FCD14 /* String+.swift */; };
		305240462ADFA855008FCD14 /* DailyRecordProgressBar.swift in Sources */ = {isa = PBXBuildFile; fileRef = 305240452ADFA855008FCD14 /* DailyRecordProgressBar.swift */; };
		30BB50B92ADFABBC0050CF69 /* ConditionSlider.swift in Sources */ = {isa = PBXBuildFile; fileRef = 30BB50B82ADFABBC0050CF69 /* ConditionSlider.swift */; };
		30BB50BC2ADFABDB0050CF69 /* Sliders in Frameworks */ = {isa = PBXBuildFile; productRef = 30BB50BB2ADFABDB0050CF69 /* Sliders */; };
		30BB50BE2ADFFAE00050CF69 /* ConditionCheckView.swift in Sources */ = {isa = PBXBuildFile; fileRef = 30BB50BD2ADFFAE00050CF69 /* ConditionCheckView.swift */; };
		30BB50C02ADFFB710050CF69 /* DailyRecordView.swift in Sources */ = {isa = PBXBuildFile; fileRef = 30BB50BF2ADFFB710050CF69 /* DailyRecordView.swift */; };
		30BB50C22AE0C0680050CF69 /* DailyRecordNextButton.swift in Sources */ = {isa = PBXBuildFile; fileRef = 30BB50C12AE0C0680050CF69 /* DailyRecordNextButton.swift */; };
		30BB50C42AE1FCA80050CF69 /* MoodCheckView.swift in Sources */ = {isa = PBXBuildFile; fileRef = 30BB50C32AE1FCA80050CF69 /* MoodCheckView.swift */; };
/* End PBXBuildFile section */

/* Begin PBXFileReference section */
		304180CD2ADA8E37002AD2E3 /* Hamsters.app */ = {isa = PBXFileReference; explicitFileType = wrapper.application; includeInIndex = 0; path = Hamsters.app; sourceTree = BUILT_PRODUCTS_DIR; };
		304180D02ADA8E37002AD2E3 /* HamstersApp.swift */ = {isa = PBXFileReference; lastKnownFileType = sourcecode.swift; path = HamstersApp.swift; sourceTree = "<group>"; };
		304180D22ADA8E37002AD2E3 /* StartView.swift */ = {isa = PBXFileReference; lastKnownFileType = sourcecode.swift; path = StartView.swift; sourceTree = "<group>"; };
		304180D42ADA8E39002AD2E3 /* Assets.xcassets */ = {isa = PBXFileReference; lastKnownFileType = folder.assetcatalog; path = Assets.xcassets; sourceTree = "<group>"; };
		304180D72ADA8E39002AD2E3 /* Preview Assets.xcassets */ = {isa = PBXFileReference; lastKnownFileType = folder.assetcatalog; path = "Preview Assets.xcassets"; sourceTree = "<group>"; };
		B571E1E82ADCB3FE00969755 /* MedicationView.swift */ = {isa = PBXFileReference; lastKnownFileType = sourcecode.swift; path = MedicationView.swift; sourceTree = "<group>"; };
		B571E1ED2ADCC8DF00969755 /* AddMedicineView.swift */ = {isa = PBXFileReference; lastKnownFileType = sourcecode.swift; path = AddMedicineView.swift; sourceTree = "<group>"; };
		B571E1EF2ADD1D8600969755 /* AlarmItem.swift */ = {isa = PBXFileReference; lastKnownFileType = sourcecode.swift; name = AlarmItem.swift; path = Hamsters/Models/Medicine/AlarmItem.swift; sourceTree = SOURCE_ROOT; };
		B571E1F22ADD1DDA00969755 /* AlarmViewModel.swift */ = {isa = PBXFileReference; lastKnownFileType = sourcecode.swift; path = AlarmViewModel.swift; sourceTree = "<group>"; };
		B571E1F42ADD253600969755 /* AlarmRow.swift */ = {isa = PBXFileReference; lastKnownFileType = sourcecode.swift; path = AlarmRow.swift; sourceTree = "<group>"; };
		B5DB8E902AE020C200191384 /* MedicineViewModel.swift */ = {isa = PBXFileReference; lastKnownFileType = sourcecode.swift; path = MedicineViewModel.swift; sourceTree = "<group>"; };
		B5DB8E932AE0894600191384 /* MedicineRow.swift */ = {isa = PBXFileReference; lastKnownFileType = sourcecode.swift; path = MedicineRow.swift; sourceTree = "<group>"; };
		B5E912152ADE52A800084B0F /* AlarmFrequencyView.swift */ = {isa = PBXFileReference; lastKnownFileType = sourcecode.swift; path = AlarmFrequencyView.swift; sourceTree = "<group>"; };
		B5E9121A2ADF6A0900084B0F /* MedicineModel.swift */ = {isa = PBXFileReference; lastKnownFileType = sourcecode.swift; path = MedicineModel.swift; sourceTree = "<group>"; };
		304180E42ADAC730002AD2E3 /* AgreementView.swift */ = {isa = PBXFileReference; lastKnownFileType = sourcecode.swift; name = AgreementView.swift; path = Hamsters/AgreementView.swift; sourceTree = SOURCE_ROOT; };
		304180E62ADAC9D7002AD2E3 /* OnboardingNextButton.swift */ = {isa = PBXFileReference; lastKnownFileType = sourcecode.swift; path = OnboardingNextButton.swift; sourceTree = "<group>"; };
		304180EB2ADAEFFC002AD2E3 /* NicknameSetView.swift */ = {isa = PBXFileReference; lastKnownFileType = sourcecode.swift; path = NicknameSetView.swift; sourceTree = "<group>"; };
		304180EE2ADBB37B002AD2E3 /* View+.swift */ = {isa = PBXFileReference; lastKnownFileType = sourcecode.swift; path = "View+.swift"; sourceTree = "<group>"; };
		304180F02ADBCA6E002AD2E3 /* OnboardingProgressBar.swift */ = {isa = PBXFileReference; lastKnownFileType = sourcecode.swift; path = OnboardingProgressBar.swift; sourceTree = "<group>"; };
		304180F22ADC0C3F002AD2E3 /* OnboardingView.swift */ = {isa = PBXFileReference; lastKnownFileType = sourcecode.swift; path = OnboardingView.swift; sourceTree = "<group>"; };
		304180F42ADC1325002AD2E3 /* OnboardingBackButton.swift */ = {isa = PBXFileReference; lastKnownFileType = sourcecode.swift; path = OnboardingBackButton.swift; sourceTree = "<group>"; };
		304180F72ADC15A9002AD2E3 /* SexSetView.swift */ = {isa = PBXFileReference; lastKnownFileType = sourcecode.swift; path = SexSetView.swift; sourceTree = "<group>"; };
		304180F92ADCC740002AD2E3 /* SmokingSetView.swift */ = {isa = PBXFileReference; lastKnownFileType = sourcecode.swift; path = SmokingSetView.swift; sourceTree = "<group>"; };
		304180FB2ADCC9ED002AD2E3 /* SetupCompleteView.swift */ = {isa = PBXFileReference; lastKnownFileType = sourcecode.swift; path = SetupCompleteView.swift; sourceTree = "<group>"; };
		3052400E2ADD21DF008FCD14 /* TempMedicationVeiw.swift */ = {isa = PBXFileReference; lastKnownFileType = sourcecode.swift; path = TempMedicationVeiw.swift; sourceTree = "<group>"; };
		305240132ADD73EB008FCD14 /* UserDefaultsKey.swift */ = {isa = PBXFileReference; fileEncoding = 4; lastKnownFileType = sourcecode.swift; path = UserDefaultsKey.swift; sourceTree = "<group>"; };
		305240142ADD73EB008FCD14 /* SmokingStatus.swift */ = {isa = PBXFileReference; fileEncoding = 4; lastKnownFileType = sourcecode.swift; path = SmokingStatus.swift; sourceTree = "<group>"; };
		305240152ADD73EB008FCD14 /* SexClassification.swift */ = {isa = PBXFileReference; fileEncoding = 4; lastKnownFileType = sourcecode.swift; path = SexClassification.swift; sourceTree = "<group>"; };
		305240192ADE1299008FCD14 /* String+.swift */ = {isa = PBXFileReference; lastKnownFileType = sourcecode.swift; path = "String+.swift"; sourceTree = "<group>"; };
		305240452ADFA855008FCD14 /* DailyRecordProgressBar.swift */ = {isa = PBXFileReference; lastKnownFileType = sourcecode.swift; path = DailyRecordProgressBar.swift; sourceTree = "<group>"; };
		30BB50B82ADFABBC0050CF69 /* ConditionSlider.swift */ = {isa = PBXFileReference; lastKnownFileType = sourcecode.swift; path = ConditionSlider.swift; sourceTree = "<group>"; };
		30BB50BD2ADFFAE00050CF69 /* ConditionCheckView.swift */ = {isa = PBXFileReference; lastKnownFileType = sourcecode.swift; path = ConditionCheckView.swift; sourceTree = "<group>"; };
		30BB50BF2ADFFB710050CF69 /* DailyRecordView.swift */ = {isa = PBXFileReference; lastKnownFileType = sourcecode.swift; path = DailyRecordView.swift; sourceTree = "<group>"; };
		30BB50C12AE0C0680050CF69 /* DailyRecordNextButton.swift */ = {isa = PBXFileReference; lastKnownFileType = sourcecode.swift; path = DailyRecordNextButton.swift; sourceTree = "<group>"; };
		30BB50C32AE1FCA80050CF69 /* MoodCheckView.swift */ = {isa = PBXFileReference; lastKnownFileType = sourcecode.swift; path = MoodCheckView.swift; sourceTree = "<group>"; };
/* End PBXFileReference section */

/* Begin PBXFrameworksBuildPhase section */
		304180CA2ADA8E37002AD2E3 /* Frameworks */ = {
			isa = PBXFrameworksBuildPhase;
			buildActionMask = 2147483647;
			files = (
				30BB50BC2ADFABDB0050CF69 /* Sliders in Frameworks */,
			);
			runOnlyForDeploymentPostprocessing = 0;
		};
/* End PBXFrameworksBuildPhase section */

/* Begin PBXGroup section */
		304180C42ADA8E37002AD2E3 = {
			isa = PBXGroup;
			children = (
				304180CF2ADA8E37002AD2E3 /* Hamsters */,
				304180CE2ADA8E37002AD2E3 /* Products */,
			);
			sourceTree = "<group>";
		};
		304180CE2ADA8E37002AD2E3 /* Products */ = {
			isa = PBXGroup;
			children = (
				304180CD2ADA8E37002AD2E3 /* Hamsters.app */,
			);
			name = Products;
			sourceTree = "<group>";
		};
		304180CF2ADA8E37002AD2E3 /* Hamsters */ = {
			isa = PBXGroup;
			children = (
				304180D02ADA8E37002AD2E3 /* HamstersApp.swift */,
				304180ED2ADBB36A002AD2E3 /* Extensions */,
				304180DF2ADAACF1002AD2E3 /* Models */,
				304180DE2ADAACE2002AD2E3 /* Scenes */,
				304180D42ADA8E39002AD2E3 /* Assets.xcassets */,
				B571E1F12ADD1DBE00969755 /* ViewModel */,
				304180D62ADA8E39002AD2E3 /* Preview Content */,
			);
			path = Hamsters;
			sourceTree = "<group>";
		};
		304180D62ADA8E39002AD2E3 /* Preview Content */ = {
			isa = PBXGroup;
			children = (
				304180D72ADA8E39002AD2E3 /* Preview Assets.xcassets */,
			);
			path = "Preview Content";
			sourceTree = "<group>";
		};
		304180DE2ADAACE2002AD2E3 /* Scenes */ = {
			isa = PBXGroup;
			children = (
				304180D22ADA8E37002AD2E3 /* StartView.swift */,
				304180E02ADAAD03002AD2E3 /* Onboarding */,
				305240422ADFA766008FCD14 /* DailyRecord */,
			);
			path = Scenes;
			sourceTree = "<group>";
		};
		304180DF2ADAACF1002AD2E3 /* Models */ = {
			isa = PBXGroup;
			children = (
				B5DB8E922AE021E300191384 /* Medicine */,
				305240122ADD73EB008FCD14 /* Enums */,
			);
			path = Models;
			sourceTree = "<group>";
		};
		304180E02ADAAD03002AD2E3 /* Onboarding */ = {
			isa = PBXGroup;
			children = (
				B571E1EC2ADCC8B300969755 /* Medication */,
				304180D22ADA8E37002AD2E3 /* StartView.swift */,
				304180F62ADC1375002AD2E3 /* Components */,
				304180F22ADC0C3F002AD2E3 /* OnboardingView.swift */,
				304180E42ADAC730002AD2E3 /* AgreementView.swift */,
				304180EB2ADAEFFC002AD2E3 /* NicknameSetView.swift */,
				304180F72ADC15A9002AD2E3 /* SexSetView.swift */,
				3052400E2ADD21DF008FCD14 /* TempMedicationVeiw.swift */,
				304180F92ADCC740002AD2E3 /* SmokingSetView.swift */,
				304180FB2ADCC9ED002AD2E3 /* SetupCompleteView.swift */,
			);
			path = Onboarding;
			sourceTree = "<group>";
		};
		B571E1EC2ADCC8B300969755 /* Medication */ = {
			isa = PBXGroup;
			children = (
				B571E1E82ADCB3FE00969755 /* MedicationView.swift */,
				B571E1ED2ADCC8DF00969755 /* AddMedicineView.swift */,
				B5E912152ADE52A800084B0F /* AlarmFrequencyView.swift */,
				B571E1F42ADD253600969755 /* AlarmRow.swift */,
				B5DB8E932AE0894600191384 /* MedicineRow.swift */,
			);
			path = Medication;
			sourceTree = "<group>";
		};
		B571E1F12ADD1DBE00969755 /* ViewModel */ = {
			isa = PBXGroup;
			children = (
				B571E1F22ADD1DDA00969755 /* AlarmViewModel.swift */,
				B5DB8E902AE020C200191384 /* MedicineViewModel.swift */,
			);
			path = ViewModel;
			sourceTree = "<group>";
		};
		B5DB8E922AE021E300191384 /* Medicine */ = {
			isa = PBXGroup;
			children = (
				B571E1EF2ADD1D8600969755 /* AlarmItem.swift */,
				B5E9121A2ADF6A0900084B0F /* MedicineModel.swift */,
			);
			path = Medicine;
		304180ED2ADBB36A002AD2E3 /* Extensions */ = {
			isa = PBXGroup;
			children = (
				304180EE2ADBB37B002AD2E3 /* View+.swift */,
				305240192ADE1299008FCD14 /* String+.swift */,
			);
			path = Extensions;
			sourceTree = "<group>";
		};
		304180F62ADC1375002AD2E3 /* Components */ = {
			isa = PBXGroup;
			children = (
				304180E62ADAC9D7002AD2E3 /* OnboardingNextButton.swift */,
				304180F42ADC1325002AD2E3 /* OnboardingBackButton.swift */,
				304180F02ADBCA6E002AD2E3 /* OnboardingProgressBar.swift */,
			);
			path = Components;
			sourceTree = "<group>";
		};
		305240122ADD73EB008FCD14 /* Enums */ = {
			isa = PBXGroup;
			children = (
				305240132ADD73EB008FCD14 /* UserDefaultsKey.swift */,
				305240142ADD73EB008FCD14 /* SmokingStatus.swift */,
				305240152ADD73EB008FCD14 /* SexClassification.swift */,
			);
			path = Enums;
			sourceTree = "<group>";
		};
		305240422ADFA766008FCD14 /* DailyRecord */ = {
			isa = PBXGroup;
			children = (
				30BB50C72AE2CDE90050CF69 /* ViewModel */,
				305240432ADFA78C008FCD14 /* Components */,
				30BB50BF2ADFFB710050CF69 /* DailyRecordView.swift */,
				30BB50BD2ADFFAE00050CF69 /* ConditionCheckView.swift */,
				30BB50C32AE1FCA80050CF69 /* MoodCheckView.swift */,
			);
			path = DailyRecord;
			sourceTree = "<group>";
		};
		305240432ADFA78C008FCD14 /* Components */ = {
			isa = PBXGroup;
			children = (
				305240452ADFA855008FCD14 /* DailyRecordProgressBar.swift */,
				30BB50C12AE0C0680050CF69 /* DailyRecordNextButton.swift */,
				30BB50B82ADFABBC0050CF69 /* ConditionSlider.swift */,
			);
			path = Components;
			sourceTree = "<group>";
		};
		30BB50C72AE2CDE90050CF69 /* ViewModel */ = {
			isa = PBXGroup;
			children = (
			);
			path = ViewModel;
			sourceTree = "<group>";
		};
/* End PBXGroup section */

/* Begin PBXNativeTarget section */
		304180CC2ADA8E37002AD2E3 /* Hamsters */ = {
			isa = PBXNativeTarget;
			buildConfigurationList = 304180DB2ADA8E39002AD2E3 /* Build configuration list for PBXNativeTarget "Hamsters" */;
			buildPhases = (
				304180C92ADA8E37002AD2E3 /* Sources */,
				304180CA2ADA8E37002AD2E3 /* Frameworks */,
				304180CB2ADA8E37002AD2E3 /* Resources */,
			);
			buildRules = (
			);
			dependencies = (
			);
			name = Hamsters;
			packageProductDependencies = (
				30BB50BB2ADFABDB0050CF69 /* Sliders */,
			);
			productName = Hamsters;
			productReference = 304180CD2ADA8E37002AD2E3 /* Hamsters.app */;
			productType = "com.apple.product-type.application";
		};
/* End PBXNativeTarget section */

/* Begin PBXProject section */
		304180C52ADA8E37002AD2E3 /* Project object */ = {
			isa = PBXProject;
			attributes = {
				BuildIndependentTargetsInParallel = 1;
				LastSwiftUpdateCheck = 1500;
				LastUpgradeCheck = 1500;
				TargetAttributes = {
					304180CC2ADA8E37002AD2E3 = {
						CreatedOnToolsVersion = 15.0;
					};
				};
			};
			buildConfigurationList = 304180C82ADA8E37002AD2E3 /* Build configuration list for PBXProject "Hamsters" */;
			compatibilityVersion = "Xcode 14.0";
			developmentRegion = en;
			hasScannedForEncodings = 0;
			knownRegions = (
				en,
				Base,
			);
			mainGroup = 304180C42ADA8E37002AD2E3;
			packageReferences = (
				30BB50BA2ADFABDB0050CF69 /* XCRemoteSwiftPackageReference "swiftui-sliders" */,
			);
			productRefGroup = 304180CE2ADA8E37002AD2E3 /* Products */;
			projectDirPath = "";
			projectRoot = "";
			targets = (
				304180CC2ADA8E37002AD2E3 /* Hamsters */,
			);
		};
/* End PBXProject section */

/* Begin PBXResourcesBuildPhase section */
		304180CB2ADA8E37002AD2E3 /* Resources */ = {
			isa = PBXResourcesBuildPhase;
			buildActionMask = 2147483647;
			files = (
				304180D82ADA8E39002AD2E3 /* Preview Assets.xcassets in Resources */,
				304180D52ADA8E39002AD2E3 /* Assets.xcassets in Resources */,
			);
			runOnlyForDeploymentPostprocessing = 0;
		};
/* End PBXResourcesBuildPhase section */

/* Begin PBXSourcesBuildPhase section */
		304180C92ADA8E37002AD2E3 /* Sources */ = {
			isa = PBXSourcesBuildPhase;
			buildActionMask = 2147483647;
			files = (
				B571E1F02ADD1D8700969755 /* AlarmItem.swift in Sources */,
				B571E1F32ADD1DDA00969755 /* AlarmViewModel.swift in Sources */,
				304180D32ADA8E37002AD2E3 /* StartView.swift in Sources */,
				B571E1EE2ADCC8DF00969755 /* AddMedicineView.swift in Sources */,
				B571E1E92ADCB3FE00969755 /* MedicationView.swift in Sources */,
				B5E912162ADE52A800084B0F /* AlarmFrequencyView.swift in Sources */,
				B5DB8E912AE020C200191384 /* MedicineViewModel.swift in Sources */,
				B5DB8E942AE0894600191384 /* MedicineRow.swift in Sources */,
				304180D12ADA8E37002AD2E3 /* HamstersApp.swift in Sources */,
				B5E9121B2ADF6A0900084B0F /* MedicineModel.swift in Sources */,
				B571E1F52ADD253600969755 /* AlarmRow.swift in Sources */,
				304180EC2ADAEFFC002AD2E3 /* NicknameSetView.swift in Sources */,
				30BB50C22AE0C0680050CF69 /* DailyRecordNextButton.swift in Sources */,
				3052400F2ADD21DF008FCD14 /* TempMedicationVeiw.swift in Sources */,
				304180FA2ADCC740002AD2E3 /* SmokingSetView.swift in Sources */,
				305240172ADD73EB008FCD14 /* SmokingStatus.swift in Sources */,
				30BB50B92ADFABBC0050CF69 /* ConditionSlider.swift in Sources */,
				304180D32ADA8E37002AD2E3 /* StartView.swift in Sources */,
				304180E52ADAC730002AD2E3 /* AgreementView.swift in Sources */,
				304180F12ADBCA6E002AD2E3 /* OnboardingProgressBar.swift in Sources */,
				30BB50C42AE1FCA80050CF69 /* MoodCheckView.swift in Sources */,
				30BB50BE2ADFFAE00050CF69 /* ConditionCheckView.swift in Sources */,
				30BB50C02ADFFB710050CF69 /* DailyRecordView.swift in Sources */,
				305240462ADFA855008FCD14 /* DailyRecordProgressBar.swift in Sources */,
				304180E72ADAC9D7002AD2E3 /* OnboardingNextButton.swift in Sources */,
				304180F32ADC0C3F002AD2E3 /* OnboardingView.swift in Sources */,
				304180EF2ADBB37B002AD2E3 /* View+.swift in Sources */,
				304180F82ADC15A9002AD2E3 /* SexSetView.swift in Sources */,
				305240162ADD73EB008FCD14 /* UserDefaultsKey.swift in Sources */,
				304180D12ADA8E37002AD2E3 /* HamstersApp.swift in Sources */,
				304180F52ADC1325002AD2E3 /* OnboardingBackButton.swift in Sources */,
				3052401A2ADE1299008FCD14 /* String+.swift in Sources */,
				305240182ADD73EB008FCD14 /* SexClassification.swift in Sources */,
				304180FC2ADCC9ED002AD2E3 /* SetupCompleteView.swift in Sources */,
			);
			runOnlyForDeploymentPostprocessing = 0;
		};
/* End PBXSourcesBuildPhase section */

/* Begin XCBuildConfiguration section */
		304180D92ADA8E39002AD2E3 /* Debug */ = {
			isa = XCBuildConfiguration;
			buildSettings = {
				ALWAYS_SEARCH_USER_PATHS = NO;
				ASSETCATALOG_COMPILER_GENERATE_SWIFT_ASSET_SYMBOL_EXTENSIONS = YES;
				CLANG_ANALYZER_NONNULL = YES;
				CLANG_ANALYZER_NUMBER_OBJECT_CONVERSION = YES_AGGRESSIVE;
				CLANG_CXX_LANGUAGE_STANDARD = "gnu++20";
				CLANG_ENABLE_MODULES = YES;
				CLANG_ENABLE_OBJC_ARC = YES;
				CLANG_ENABLE_OBJC_WEAK = YES;
				CLANG_WARN_BLOCK_CAPTURE_AUTORELEASING = YES;
				CLANG_WARN_BOOL_CONVERSION = YES;
				CLANG_WARN_COMMA = YES;
				CLANG_WARN_CONSTANT_CONVERSION = YES;
				CLANG_WARN_DEPRECATED_OBJC_IMPLEMENTATIONS = YES;
				CLANG_WARN_DIRECT_OBJC_ISA_USAGE = YES_ERROR;
				CLANG_WARN_DOCUMENTATION_COMMENTS = YES;
				CLANG_WARN_EMPTY_BODY = YES;
				CLANG_WARN_ENUM_CONVERSION = YES;
				CLANG_WARN_INFINITE_RECURSION = YES;
				CLANG_WARN_INT_CONVERSION = YES;
				CLANG_WARN_NON_LITERAL_NULL_CONVERSION = YES;
				CLANG_WARN_OBJC_IMPLICIT_RETAIN_SELF = YES;
				CLANG_WARN_OBJC_LITERAL_CONVERSION = YES;
				CLANG_WARN_OBJC_ROOT_CLASS = YES_ERROR;
				CLANG_WARN_QUOTED_INCLUDE_IN_FRAMEWORK_HEADER = YES;
				CLANG_WARN_RANGE_LOOP_ANALYSIS = YES;
				CLANG_WARN_STRICT_PROTOTYPES = YES;
				CLANG_WARN_SUSPICIOUS_MOVE = YES;
				CLANG_WARN_UNGUARDED_AVAILABILITY = YES_AGGRESSIVE;
				CLANG_WARN_UNREACHABLE_CODE = YES;
				CLANG_WARN__DUPLICATE_METHOD_MATCH = YES;
				COPY_PHASE_STRIP = NO;
				DEBUG_INFORMATION_FORMAT = dwarf;
				ENABLE_STRICT_OBJC_MSGSEND = YES;
				ENABLE_TESTABILITY = YES;
				ENABLE_USER_SCRIPT_SANDBOXING = YES;
				GCC_C_LANGUAGE_STANDARD = gnu17;
				GCC_DYNAMIC_NO_PIC = NO;
				GCC_NO_COMMON_BLOCKS = YES;
				GCC_OPTIMIZATION_LEVEL = 0;
				GCC_PREPROCESSOR_DEFINITIONS = (
					"DEBUG=1",
					"$(inherited)",
				);
				GCC_WARN_64_TO_32_BIT_CONVERSION = YES;
				GCC_WARN_ABOUT_RETURN_TYPE = YES_ERROR;
				GCC_WARN_UNDECLARED_SELECTOR = YES;
				GCC_WARN_UNINITIALIZED_AUTOS = YES_AGGRESSIVE;
				GCC_WARN_UNUSED_FUNCTION = YES;
				GCC_WARN_UNUSED_VARIABLE = YES;
				IPHONEOS_DEPLOYMENT_TARGET = 16.0;
				LOCALIZATION_PREFERS_STRING_CATALOGS = YES;
				MTL_ENABLE_DEBUG_INFO = INCLUDE_SOURCE;
				MTL_FAST_MATH = YES;
				ONLY_ACTIVE_ARCH = YES;
				SDKROOT = iphoneos;
				SWIFT_ACTIVE_COMPILATION_CONDITIONS = "DEBUG $(inherited)";
				SWIFT_OPTIMIZATION_LEVEL = "-Onone";
			};
			name = Debug;
		};
		304180DA2ADA8E39002AD2E3 /* Release */ = {
			isa = XCBuildConfiguration;
			buildSettings = {
				ALWAYS_SEARCH_USER_PATHS = NO;
				ASSETCATALOG_COMPILER_GENERATE_SWIFT_ASSET_SYMBOL_EXTENSIONS = YES;
				CLANG_ANALYZER_NONNULL = YES;
				CLANG_ANALYZER_NUMBER_OBJECT_CONVERSION = YES_AGGRESSIVE;
				CLANG_CXX_LANGUAGE_STANDARD = "gnu++20";
				CLANG_ENABLE_MODULES = YES;
				CLANG_ENABLE_OBJC_ARC = YES;
				CLANG_ENABLE_OBJC_WEAK = YES;
				CLANG_WARN_BLOCK_CAPTURE_AUTORELEASING = YES;
				CLANG_WARN_BOOL_CONVERSION = YES;
				CLANG_WARN_COMMA = YES;
				CLANG_WARN_CONSTANT_CONVERSION = YES;
				CLANG_WARN_DEPRECATED_OBJC_IMPLEMENTATIONS = YES;
				CLANG_WARN_DIRECT_OBJC_ISA_USAGE = YES_ERROR;
				CLANG_WARN_DOCUMENTATION_COMMENTS = YES;
				CLANG_WARN_EMPTY_BODY = YES;
				CLANG_WARN_ENUM_CONVERSION = YES;
				CLANG_WARN_INFINITE_RECURSION = YES;
				CLANG_WARN_INT_CONVERSION = YES;
				CLANG_WARN_NON_LITERAL_NULL_CONVERSION = YES;
				CLANG_WARN_OBJC_IMPLICIT_RETAIN_SELF = YES;
				CLANG_WARN_OBJC_LITERAL_CONVERSION = YES;
				CLANG_WARN_OBJC_ROOT_CLASS = YES_ERROR;
				CLANG_WARN_QUOTED_INCLUDE_IN_FRAMEWORK_HEADER = YES;
				CLANG_WARN_RANGE_LOOP_ANALYSIS = YES;
				CLANG_WARN_STRICT_PROTOTYPES = YES;
				CLANG_WARN_SUSPICIOUS_MOVE = YES;
				CLANG_WARN_UNGUARDED_AVAILABILITY = YES_AGGRESSIVE;
				CLANG_WARN_UNREACHABLE_CODE = YES;
				CLANG_WARN__DUPLICATE_METHOD_MATCH = YES;
				COPY_PHASE_STRIP = NO;
				DEBUG_INFORMATION_FORMAT = "dwarf-with-dsym";
				ENABLE_NS_ASSERTIONS = NO;
				ENABLE_STRICT_OBJC_MSGSEND = YES;
				ENABLE_USER_SCRIPT_SANDBOXING = YES;
				GCC_C_LANGUAGE_STANDARD = gnu17;
				GCC_NO_COMMON_BLOCKS = YES;
				GCC_WARN_64_TO_32_BIT_CONVERSION = YES;
				GCC_WARN_ABOUT_RETURN_TYPE = YES_ERROR;
				GCC_WARN_UNDECLARED_SELECTOR = YES;
				GCC_WARN_UNINITIALIZED_AUTOS = YES_AGGRESSIVE;
				GCC_WARN_UNUSED_FUNCTION = YES;
				GCC_WARN_UNUSED_VARIABLE = YES;
				IPHONEOS_DEPLOYMENT_TARGET = 16.0;
				LOCALIZATION_PREFERS_STRING_CATALOGS = YES;
				MTL_ENABLE_DEBUG_INFO = NO;
				MTL_FAST_MATH = YES;
				SDKROOT = iphoneos;
				SWIFT_COMPILATION_MODE = wholemodule;
				VALIDATE_PRODUCT = YES;
			};
			name = Release;
		};
		304180DC2ADA8E39002AD2E3 /* Debug */ = {
			isa = XCBuildConfiguration;
			buildSettings = {
				ASSETCATALOG_COMPILER_APPICON_NAME = AppIcon;
				ASSETCATALOG_COMPILER_GLOBAL_ACCENT_COLOR_NAME = AccentColor;
				CODE_SIGN_IDENTITY = "Apple Development";
				CODE_SIGN_STYLE = Automatic;
				CURRENT_PROJECT_VERSION = 1;
				DEVELOPMENT_ASSET_PATHS = "\"Hamsters/Preview Content\"";
				DEVELOPMENT_TEAM = YKG7843K2L;
				ENABLE_PREVIEWS = YES;
				GENERATE_INFOPLIST_FILE = YES;
				INFOPLIST_KEY_LSApplicationCategoryType = "public.app-category.healthcare-fitness";
				INFOPLIST_KEY_UIApplicationSceneManifest_Generation = YES;
				INFOPLIST_KEY_UIApplicationSupportsIndirectInputEvents = YES;
				INFOPLIST_KEY_UILaunchScreen_Generation = YES;
				INFOPLIST_KEY_UISupportedInterfaceOrientations = UIInterfaceOrientationPortrait;
				INFOPLIST_KEY_UISupportedInterfaceOrientations_iPad = "UIInterfaceOrientationLandscapeLeft UIInterfaceOrientationLandscapeRight UIInterfaceOrientationPortrait UIInterfaceOrientationPortraitUpsideDown";
				IPHONEOS_DEPLOYMENT_TARGET = 16.0;
				LD_RUNPATH_SEARCH_PATHS = (
					"$(inherited)",
					"@executable_path/Frameworks",
				);
				MARKETING_VERSION = 1.0;
				PRODUCT_BUNDLE_IDENTIFIER = com.ThotartUp.Hamsters;
				PRODUCT_NAME = "$(TARGET_NAME)";
				PROVISIONING_PROFILE_SPECIFIER = "";
				SWIFT_EMIT_LOC_STRINGS = YES;
				SWIFT_VERSION = 5.0;
				TARGETED_DEVICE_FAMILY = "1,2";
			};
			name = Debug;
		};
		304180DD2ADA8E39002AD2E3 /* Release */ = {
			isa = XCBuildConfiguration;
			buildSettings = {
				ASSETCATALOG_COMPILER_APPICON_NAME = AppIcon;
				ASSETCATALOG_COMPILER_GLOBAL_ACCENT_COLOR_NAME = AccentColor;
				CODE_SIGN_IDENTITY = "Apple Development";
				CODE_SIGN_STYLE = Automatic;
				CURRENT_PROJECT_VERSION = 1;
				DEVELOPMENT_ASSET_PATHS = "\"Hamsters/Preview Content\"";
				DEVELOPMENT_TEAM = YKG7843K2L;
				ENABLE_PREVIEWS = YES;
				GENERATE_INFOPLIST_FILE = YES;
				INFOPLIST_KEY_LSApplicationCategoryType = "public.app-category.healthcare-fitness";
				INFOPLIST_KEY_UIApplicationSceneManifest_Generation = YES;
				INFOPLIST_KEY_UIApplicationSupportsIndirectInputEvents = YES;
				INFOPLIST_KEY_UILaunchScreen_Generation = YES;
				INFOPLIST_KEY_UISupportedInterfaceOrientations = UIInterfaceOrientationPortrait;
				INFOPLIST_KEY_UISupportedInterfaceOrientations_iPad = "UIInterfaceOrientationLandscapeLeft UIInterfaceOrientationLandscapeRight UIInterfaceOrientationPortrait UIInterfaceOrientationPortraitUpsideDown";
				IPHONEOS_DEPLOYMENT_TARGET = 16.0;
				LD_RUNPATH_SEARCH_PATHS = (
					"$(inherited)",
					"@executable_path/Frameworks",
				);
				MARKETING_VERSION = 1.0;
				PRODUCT_BUNDLE_IDENTIFIER = com.ThotartUp.Hamsters;
				PRODUCT_NAME = "$(TARGET_NAME)";
				PROVISIONING_PROFILE_SPECIFIER = "";
				SWIFT_EMIT_LOC_STRINGS = YES;
				SWIFT_VERSION = 5.0;
				TARGETED_DEVICE_FAMILY = "1,2";
			};
			name = Release;
		};
/* End XCBuildConfiguration section */

/* Begin XCConfigurationList section */
		304180C82ADA8E37002AD2E3 /* Build configuration list for PBXProject "Hamsters" */ = {
			isa = XCConfigurationList;
			buildConfigurations = (
				304180D92ADA8E39002AD2E3 /* Debug */,
				304180DA2ADA8E39002AD2E3 /* Release */,
			);
			defaultConfigurationIsVisible = 0;
			defaultConfigurationName = Release;
		};
		304180DB2ADA8E39002AD2E3 /* Build configuration list for PBXNativeTarget "Hamsters" */ = {
			isa = XCConfigurationList;
			buildConfigurations = (
				304180DC2ADA8E39002AD2E3 /* Debug */,
				304180DD2ADA8E39002AD2E3 /* Release */,
			);
			defaultConfigurationIsVisible = 0;
			defaultConfigurationName = Release;
		};
/* End XCConfigurationList section */

/* Begin XCRemoteSwiftPackageReference section */
		30BB50BA2ADFABDB0050CF69 /* XCRemoteSwiftPackageReference "swiftui-sliders" */ = {
			isa = XCRemoteSwiftPackageReference;
			repositoryURL = "https://github.com/spacenation/swiftui-sliders.git";
			requirement = {
				kind = upToNextMajorVersion;
				minimumVersion = 2.1.0;
			};
		};
/* End XCRemoteSwiftPackageReference section */

/* Begin XCSwiftPackageProductDependency section */
		30BB50BB2ADFABDB0050CF69 /* Sliders */ = {
			isa = XCSwiftPackageProductDependency;
			package = 30BB50BA2ADFABDB0050CF69 /* XCRemoteSwiftPackageReference "swiftui-sliders" */;
			productName = Sliders;
		};
/* End XCSwiftPackageProductDependency section */
	};
	rootObject = 304180C52ADA8E37002AD2E3 /* Project object */;
}
